// !$*UTF8*$!
{
	archiveVersion = 1;
	classes = {
	};
	objectVersion = 46;
	objects = {

/* Begin PBXBuildFile section */
		5700D1B715B470D4003C96F3 /* DiscoverCell.m in Sources */ = {isa = PBXBuildFile; fileRef = 5700D1B615B470D4003C96F3 /* DiscoverCell.m */; };
		5700D1BA15B47107003C96F3 /* DiscoverCell.xib in Resources */ = {isa = PBXBuildFile; fileRef = 5700D1B915B47107003C96F3 /* DiscoverCell.xib */; };
		57AAB0C015AF441E00AD51CB /* FitivityLogo.png in Resources */ = {isa = PBXBuildFile; fileRef = 57AAB0BF15AF441E00AD51CB /* FitivityLogo.png */; };
		57AAB0C215AF4B1300AD51CB /* QuartzCore.framework in Frameworks */ = {isa = PBXBuildFile; fileRef = 57AAB0C115AF4B1300AD51CB /* QuartzCore.framework */; };
		6C08842115B1C58500670936 /* PullToRefreshTableViewController.m in Sources */ = {isa = PBXBuildFile; fileRef = 6C08841E15B1C58100670936 /* PullToRefreshTableViewController.m */; };
		6C08842215B1C58700670936 /* EGORefreshTableHeaderView.m in Sources */ = {isa = PBXBuildFile; fileRef = 6C08842015B1C58100670936 /* EGORefreshTableHeaderView.m */; };
		6C08843D15B1C5A100670936 /* NSObject+SBJson.m in Sources */ = {isa = PBXBuildFile; fileRef = 6C08842515B1C59E00670936 /* NSObject+SBJson.m */; };
		6C08843E15B1C5A500670936 /* SBJsonParser.m in Sources */ = {isa = PBXBuildFile; fileRef = 6C08842815B1C59E00670936 /* SBJsonParser.m */; };
		6C08843F15B1C5A700670936 /* SBJsonStreamParser.m in Sources */ = {isa = PBXBuildFile; fileRef = 6C08842A15B1C59E00670936 /* SBJsonStreamParser.m */; };
		6C08844015B1C5AD00670936 /* SBJsonStreamParserAccumulator.m in Sources */ = {isa = PBXBuildFile; fileRef = 6C08842C15B1C59E00670936 /* SBJsonStreamParserAccumulator.m */; };
		6C08844115B1C5AF00670936 /* SBJsonStreamParserAdapter.m in Sources */ = {isa = PBXBuildFile; fileRef = 6C08842E15B1C59E00670936 /* SBJsonStreamParserAdapter.m */; };
		6C08844215B1C5B300670936 /* SBJsonStreamParserState.m in Sources */ = {isa = PBXBuildFile; fileRef = 6C08843015B1C59E00670936 /* SBJsonStreamParserState.m */; };
		6C08844315B1C5B700670936 /* SBJsonStreamWriter.m in Sources */ = {isa = PBXBuildFile; fileRef = 6C08843215B1C59E00670936 /* SBJsonStreamWriter.m */; };
		6C08844415B1C5BA00670936 /* SBJsonStreamWriterAccumulator.m in Sources */ = {isa = PBXBuildFile; fileRef = 6C08843415B1C59E00670936 /* SBJsonStreamWriterAccumulator.m */; };
		6C08844515B1C5BD00670936 /* SBJsonStreamWriterState.m in Sources */ = {isa = PBXBuildFile; fileRef = 6C08843615B1C59E00670936 /* SBJsonStreamWriterState.m */; };
		6C08844615B1C5C200670936 /* SBJsonTokeniser.m in Sources */ = {isa = PBXBuildFile; fileRef = 6C08843815B1C59E00670936 /* SBJsonTokeniser.m */; };
		6C08844715B1C5C500670936 /* SBJsonUTF8Stream.m in Sources */ = {isa = PBXBuildFile; fileRef = 6C08843A15B1C59E00670936 /* SBJsonUTF8Stream.m */; };
		6C08844815B1C5C600670936 /* SBJsonWriter.m in Sources */ = {isa = PBXBuildFile; fileRef = 6C08843C15B1C59E00670936 /* SBJsonWriter.m */; };
		6C08845215B1C63400670936 /* GooglePlacesConnection.m in Sources */ = {isa = PBXBuildFile; fileRef = 6C08844B15B1C62700670936 /* GooglePlacesConnection.m */; };
		6C08845315B1C63600670936 /* GooglePlacesObject.m in Sources */ = {isa = PBXBuildFile; fileRef = 6C08844D15B1C62700670936 /* GooglePlacesObject.m */; };
		6C08845515B1C67000670936 /* CoreLocation.framework in Frameworks */ = {isa = PBXBuildFile; fileRef = 6C08845415B1C67000670936 /* CoreLocation.framework */; };
		6C08845715B1C72B00670936 /* MapKit.framework in Frameworks */ = {isa = PBXBuildFile; fileRef = 6C08845615B1C72B00670936 /* MapKit.framework */; };
		6C08845A15B1C90A00670936 /* ChooseLocationViewController.m in Sources */ = {isa = PBXBuildFile; fileRef = 6C08845915B1C90A00670936 /* ChooseLocationViewController.m */; };
		6C08845B15B1CF0900670936 /* GTMNSString+URLArguments.m in Sources */ = {isa = PBXBuildFile; fileRef = 6C08845115B1C62F00670936 /* GTMNSString+URLArguments.m */; settings = {COMPILER_FLAGS = "-fno-objc-arc "; }; };
		6C08845D15B1D3D300670936 /* ChooseLocationViewController.xib in Resources */ = {isa = PBXBuildFile; fileRef = 6C08845C15B1D3D300670936 /* ChooseLocationViewController.xib */; };
		6C61768A15B0F24600E74B95 /* NSError+FITParseUtilities.m in Sources */ = {isa = PBXBuildFile; fileRef = 6C8665DA15AFB12B004D932F /* NSError+FITParseUtilities.m */; };
		6C61768C15B0F24800E74B95 /* NSRegularExpression+FITUtilities.m in Sources */ = {isa = PBXBuildFile; fileRef = 6CD2F58815B0E77A0032FA34 /* NSRegularExpression+FITUtilities.m */; };
		6C7722AF15B1EB670040DB1D /* ChooseActivityViewController.m in Sources */ = {isa = PBXBuildFile; fileRef = 6C7722AD15B1EB670040DB1D /* ChooseActivityViewController.m */; };
		6C7722B015B1EB670040DB1D /* ChooseActivityViewController.xib in Resources */ = {isa = PBXBuildFile; fileRef = 6C7722AE15B1EB670040DB1D /* ChooseActivityViewController.xib */; };
		6C7722BD15B1F14D0040DB1D /* FeedCellActiveGroupActivityIconImage.png in Resources */ = {isa = PBXBuildFile; fileRef = 6C7722B315B1F14D0040DB1D /* FeedCellActiveGroupActivityIconImage.png */; };
		6C7722BE15B1F14D0040DB1D /* FeedCellActiveGroupActivityIconImage@2x.png in Resources */ = {isa = PBXBuildFile; fileRef = 6C7722B415B1F14D0040DB1D /* FeedCellActiveGroupActivityIconImage@2x.png */; };
		6C7722BF15B1F14D0040DB1D /* FeedCellIconImageBackplate.png in Resources */ = {isa = PBXBuildFile; fileRef = 6C7722B515B1F14D0040DB1D /* FeedCellIconImageBackplate.png */; };
		6C7722C015B1F14D0040DB1D /* FeedCellIconImageBackplate@2x.png in Resources */ = {isa = PBXBuildFile; fileRef = 6C7722B615B1F14D0040DB1D /* FeedCellIconImageBackplate@2x.png */; };
		6C7722C115B1F14D0040DB1D /* FeedCellProfilePlaceholderPicture.png in Resources */ = {isa = PBXBuildFile; fileRef = 6C7722B715B1F14D0040DB1D /* FeedCellProfilePlaceholderPicture.png */; };
		6C7722C215B1F14D0040DB1D /* FeedCellProfilePlaceholderPicture@2.png in Resources */ = {isa = PBXBuildFile; fileRef = 6C7722B815B1F14D0040DB1D /* FeedCellProfilePlaceholderPicture@2.png */; };
		6C7722C315B1F14D0040DB1D /* FeedCellProposedGroupActivityIconImage.png in Resources */ = {isa = PBXBuildFile; fileRef = 6C7722B915B1F14D0040DB1D /* FeedCellProposedGroupActivityIconImage.png */; };
		6C7722C415B1F14D0040DB1D /* FeedCellProposedGroupActivityIconImage@2x.png in Resources */ = {isa = PBXBuildFile; fileRef = 6C7722BA15B1F14D0040DB1D /* FeedCellProposedGroupActivityIconImage@2x.png */; };
		6C7722C515B1F14D0040DB1D /* FeedCellWhiteDisclosureIndicator.png in Resources */ = {isa = PBXBuildFile; fileRef = 6C7722BB15B1F14D0040DB1D /* FeedCellWhiteDisclosureIndicator.png */; };
		6C7722C615B1F14D0040DB1D /* FeedCellWhiteDisclosureIndicator@2.png in Resources */ = {isa = PBXBuildFile; fileRef = 6C7722BC15B1F14D0040DB1D /* FeedCellWhiteDisclosureIndicator@2.png */; };
		6C7722CA15B2096B0040DB1D /* ChooseLocationCell.m in Sources */ = {isa = PBXBuildFile; fileRef = 6C7722C915B2096B0040DB1D /* ChooseLocationCell.m */; };
		6C7722CD15B209900040DB1D /* ChooseLocationCell.xib in Resources */ = {isa = PBXBuildFile; fileRef = 6C7722CC15B209900040DB1D /* ChooseLocationCell.xib */; };
		6C7722D315B20BEF0040DB1D /* FitivityBackButtonIcon.png in Resources */ = {isa = PBXBuildFile; fileRef = 6C7722CF15B20BEF0040DB1D /* FitivityBackButtonIcon.png */; };
		6C7722D415B20BEF0040DB1D /* FitivityBackButtonIcon@2x.png in Resources */ = {isa = PBXBuildFile; fileRef = 6C7722D015B20BEF0040DB1D /* FitivityBackButtonIcon@2x.png */; };
		6C7722D515B20BEF0040DB1D /* FitivityBluePillNavBarIcon.png in Resources */ = {isa = PBXBuildFile; fileRef = 6C7722D115B20BEF0040DB1D /* FitivityBluePillNavBarIcon.png */; };
		6C7722D615B20BEF0040DB1D /* FitivityBluePillNavBarIcon@2x.png in Resources */ = {isa = PBXBuildFile; fileRef = 6C7722D215B20BEF0040DB1D /* FitivityBluePillNavBarIcon@2x.png */; };
		6C7722E015B20C180040DB1D /* DarkerBlueBackplateTexture@2x.png in Resources */ = {isa = PBXBuildFile; fileRef = 6C7722D815B20C130040DB1D /* DarkerBlueBackplateTexture@2x.png */; };
		6C7722E215B20C180040DB1D /* DarkerBlueBackplateTexturePushed@2x.png in Resources */ = {isa = PBXBuildFile; fileRef = 6C7722DA15B20C140040DB1D /* DarkerBlueBackplateTexturePushed@2x.png */; };
		6C7722E315B20C180040DB1D /* DarkerBlueShadowLower.png in Resources */ = {isa = PBXBuildFile; fileRef = 6C7722DB15B20C150040DB1D /* DarkerBlueShadowLower.png */; };
		6C7722E415B20C180040DB1D /* DarkerBlueShadowLower@2x.png in Resources */ = {isa = PBXBuildFile; fileRef = 6C7722DC15B20C160040DB1D /* DarkerBlueShadowLower@2x.png */; };
		6C7722E515B20C180040DB1D /* DarkerBlueShadowUpper.png in Resources */ = {isa = PBXBuildFile; fileRef = 6C7722DD15B20C160040DB1D /* DarkerBlueShadowUpper.png */; };
		6C7722E615B20C180040DB1D /* DarkerBlueShadowUpper@2x.png in Resources */ = {isa = PBXBuildFile; fileRef = 6C7722DE15B20C170040DB1D /* DarkerBlueShadowUpper@2x.png */; };
		6C7722E815B20C2F0040DB1D /* DarkerBlueBackplateTexture.png in Resources */ = {isa = PBXBuildFile; fileRef = 6C7722E715B20C2E0040DB1D /* DarkerBlueBackplateTexture.png */; };
		6C7722EA15B20C8C0040DB1D /* DarkerBlueBackplateTexturePushed.png in Resources */ = {isa = PBXBuildFile; fileRef = 6C7722E915B20C8A0040DB1D /* DarkerBlueBackplateTexturePushed.png */; };
		6C7722F315B20E2E0040DB1D /* CategoryCellClosedIcon.png in Resources */ = {isa = PBXBuildFile; fileRef = 6C7722EF15B20E270040DB1D /* CategoryCellClosedIcon.png */; };
		6C7722F415B20E2E0040DB1D /* CategoryCellClosedIcon@2x.png in Resources */ = {isa = PBXBuildFile; fileRef = 6C7722F015B20E290040DB1D /* CategoryCellClosedIcon@2x.png */; };
		6C7722F515B20E2E0040DB1D /* CategoryCellExpandedIcon.png in Resources */ = {isa = PBXBuildFile; fileRef = 6C7722F115B20E2A0040DB1D /* CategoryCellExpandedIcon.png */; };
		6C7722F815B20E5A0040DB1D /* CategoryCellExpandedIcon@2x.png in Resources */ = {isa = PBXBuildFile; fileRef = 6C7722F715B20E530040DB1D /* CategoryCellExpandedIcon@2x.png */; };
		6C7722FB15B20E9F0040DB1D /* PlaceholderMapImage.png in Resources */ = {isa = PBXBuildFile; fileRef = 6C7722F915B20E9C0040DB1D /* PlaceholderMapImage.png */; };
		6C7722FC15B20E9F0040DB1D /* PlaceholderMapImage@2x.png in Resources */ = {isa = PBXBuildFile; fileRef = 6C7722FA15B20E9D0040DB1D /* PlaceholderMapImage@2x.png */; };
		6C7722FF15B20ED00040DB1D /* StaticMapBackplateImage.png in Resources */ = {isa = PBXBuildFile; fileRef = 6C7722FD15B20EBC0040DB1D /* StaticMapBackplateImage.png */; };
		6C77230015B20ED00040DB1D /* StaticMapBackplateImage@2x.png in Resources */ = {isa = PBXBuildFile; fileRef = 6C7722FE15B20EC10040DB1D /* StaticMapBackplateImage@2x.png */; };
		6C77230315B20F340040DB1D /* LocationCellIconImage.png in Resources */ = {isa = PBXBuildFile; fileRef = 6C77230115B20EEF0040DB1D /* LocationCellIconImage.png */; };
		6C77230415B20F340040DB1D /* LocationCellIconImage@2x.png in Resources */ = {isa = PBXBuildFile; fileRef = 6C77230215B20F100040DB1D /* LocationCellIconImage@2x.png */; };
		6C86658715AFA1A6004D932F /* LoginViewController.m in Sources */ = {isa = PBXBuildFile; fileRef = 6C86658515AFA1A6004D932F /* LoginViewController.m */; };
		6C86658C15AFA1BB004D932F /* SignUpViewController.m in Sources */ = {isa = PBXBuildFile; fileRef = 6C86658A15AFA1BB004D932F /* SignUpViewController.m */; };
		6C86658D15AFA1BB004D932F /* SignUpViewController.xib in Resources */ = {isa = PBXBuildFile; fileRef = 6C86658B15AFA1BB004D932F /* SignUpViewController.xib */; };
		6C8665A115AFA57C004D932F /* LoginWithFacebookButtonImage.png in Resources */ = {isa = PBXBuildFile; fileRef = 6C86659F15AFA57C004D932F /* LoginWithFacebookButtonImage.png */; };
		6C8665A215AFA57C004D932F /* LoginWithFacebookButtonImage@2x.png in Resources */ = {isa = PBXBuildFile; fileRef = 6C8665A015AFA57C004D932F /* LoginWithFacebookButtonImage@2x.png */; };
		6C8665AD15AFA5D3004D932F /* LoginButton.png in Resources */ = {isa = PBXBuildFile; fileRef = 6C8665A315AFA5D3004D932F /* LoginButton.png */; };
		6C8665AE15AFA5D3004D932F /* LoginButton@2.png in Resources */ = {isa = PBXBuildFile; fileRef = 6C8665A415AFA5D3004D932F /* LoginButton@2.png */; };
		6C8665AF15AFA5D3004D932F /* LoginButtonPushed.png in Resources */ = {isa = PBXBuildFile; fileRef = 6C8665A515AFA5D3004D932F /* LoginButtonPushed.png */; };
		6C8665B015AFA5D3004D932F /* LoginButtonPushed@2x.png in Resources */ = {isa = PBXBuildFile; fileRef = 6C8665A615AFA5D3004D932F /* LoginButtonPushed@2x.png */; };
		6C8665B115AFA5D3004D932F /* RegisterButton.png in Resources */ = {isa = PBXBuildFile; fileRef = 6C8665A715AFA5D3004D932F /* RegisterButton.png */; };
		6C8665B215AFA5D3004D932F /* RegisterButton@2x.png in Resources */ = {isa = PBXBuildFile; fileRef = 6C8665A815AFA5D3004D932F /* RegisterButton@2x.png */; };
		6C8665B315AFA5D3004D932F /* RegisterButtonPushed.png in Resources */ = {isa = PBXBuildFile; fileRef = 6C8665A915AFA5D3004D932F /* RegisterButtonPushed.png */; };
		6C8665B415AFA5D3004D932F /* RegisterButtonPushed@2x.png in Resources */ = {isa = PBXBuildFile; fileRef = 6C8665AA15AFA5D3004D932F /* RegisterButtonPushed@2x.png */; };
		6C8665B515AFA5D3004D932F /* NavigationBarBackplate.png in Resources */ = {isa = PBXBuildFile; fileRef = 6C8665AB15AFA5D3004D932F /* NavigationBarBackplate.png */; };
		6C8665B615AFA5D3004D932F /* NavigationBarBackplate@2x.png in Resources */ = {isa = PBXBuildFile; fileRef = 6C8665AC15AFA5D3004D932F /* NavigationBarBackplate@2x.png */; };
		6C8665BD15AFA820004D932F /* LoginViewController.xib in Resources */ = {isa = PBXBuildFile; fileRef = 6C8665BC15AFA820004D932F /* LoginViewController.xib */; };
		6CA138CF15B21C8600C1E1EC /* LocationMapViewController.m in Sources */ = {isa = PBXBuildFile; fileRef = 6CA138CD15B21C8600C1E1EC /* LocationMapViewController.m */; };
		6CA138D015B21C8600C1E1EC /* LocationMapViewController.xib in Resources */ = {isa = PBXBuildFile; fileRef = 6CA138CE15B21C8600C1E1EC /* LocationMapViewController.xib */; };
		6CA138D715B21E8F00C1E1EC /* MapPin.m in Sources */ = {isa = PBXBuildFile; fileRef = 6CA138D615B21E8B00C1E1EC /* MapPin.m */; };
		6CA2690015AE2A1400CD205C /* Reachability.m in Sources */ = {isa = PBXBuildFile; fileRef = 6CB1A75115ACFD4300C0FF75 /* Reachability.m */; };
		6CA2690515AE2A5200CD205C /* SystemConfiguration.framework in Frameworks */ = {isa = PBXBuildFile; fileRef = 6CA2690415AE2A5200CD205C /* SystemConfiguration.framework */; };
		6CA2691515AE2D2B00CD205C /* AudioToolbox.framework in Frameworks */ = {isa = PBXBuildFile; fileRef = 6CA2691415AE2D2B00CD205C /* AudioToolbox.framework */; };
		6CA2691715AE2D7A00CD205C /* CFNetwork.framework in Frameworks */ = {isa = PBXBuildFile; fileRef = 6CA2691615AE2D7A00CD205C /* CFNetwork.framework */; };
		6CA2691915AE2DEB00CD205C /* MobileCoreServices.framework in Frameworks */ = {isa = PBXBuildFile; fileRef = 6CA2691815AE2DEB00CD205C /* MobileCoreServices.framework */; };
		6CA2691B15AE2E1200CD205C /* Security.framework in Frameworks */ = {isa = PBXBuildFile; fileRef = 6CA2691A15AE2E1200CD205C /* Security.framework */; };
		6CA2691F15AE2FBA00CD205C /* StreamViewController.m in Sources */ = {isa = PBXBuildFile; fileRef = 6CA2691D15AE2FB900CD205C /* StreamViewController.m */; };
		6CA2692015AE2FBA00CD205C /* StreamViewController.xib in Resources */ = {isa = PBXBuildFile; fileRef = 6CA2691E15AE2FB900CD205C /* StreamViewController.xib */; };
		6CB1A72615ACFC1D00C0FF75 /* UIKit.framework in Frameworks */ = {isa = PBXBuildFile; fileRef = 6CB1A72515ACFC1D00C0FF75 /* UIKit.framework */; };
		6CB1A72815ACFC1D00C0FF75 /* Foundation.framework in Frameworks */ = {isa = PBXBuildFile; fileRef = 6CB1A72715ACFC1D00C0FF75 /* Foundation.framework */; };
		6CB1A72A15ACFC1D00C0FF75 /* CoreGraphics.framework in Frameworks */ = {isa = PBXBuildFile; fileRef = 6CB1A72915ACFC1D00C0FF75 /* CoreGraphics.framework */; };
		6CB1A73015ACFC1D00C0FF75 /* InfoPlist.strings in Resources */ = {isa = PBXBuildFile; fileRef = 6CB1A72E15ACFC1D00C0FF75 /* InfoPlist.strings */; };
		6CB1A73215ACFC1D00C0FF75 /* main.m in Sources */ = {isa = PBXBuildFile; fileRef = 6CB1A73115ACFC1D00C0FF75 /* main.m */; };
		6CB1A73615ACFC1D00C0FF75 /* AppDelegate.m in Sources */ = {isa = PBXBuildFile; fileRef = 6CB1A73515ACFC1D00C0FF75 /* AppDelegate.m */; };
		6CB1A74E15ACFC6800C0FF75 /* FConfig.m in Sources */ = {isa = PBXBuildFile; fileRef = 6CB1A74D15ACFC6800C0FF75 /* FConfig.m */; };
		6CB1A75515ACFF7800C0FF75 /* background.png in Resources */ = {isa = PBXBuildFile; fileRef = 6CB1A75315ACFF7800C0FF75 /* background.png */; };
		6CB1A75615ACFF7800C0FF75 /* background@2x.png in Resources */ = {isa = PBXBuildFile; fileRef = 6CB1A75415ACFF7800C0FF75 /* background@2x.png */; };
		6CB1A75A15ACFFBC00C0FF75 /* OpeningLogoViewController.m in Sources */ = {isa = PBXBuildFile; fileRef = 6CB1A75815ACFFBC00C0FF75 /* OpeningLogoViewController.m */; };
		6CB1A75B15ACFFBC00C0FF75 /* OpeningLogoViewController.xib in Resources */ = {isa = PBXBuildFile; fileRef = 6CB1A75915ACFFBC00C0FF75 /* OpeningLogoViewController.xib */; };
		6CB1A78315AD067000C0FF75 /* Parse.framework in Frameworks */ = {isa = PBXBuildFile; fileRef = 6CB1A78215AD067000C0FF75 /* Parse.framework */; };
		6CB1B21915B1A17B004DDDCA /* FTabBarViewController.m in Sources */ = {isa = PBXBuildFile; fileRef = 6CB1B21715B1A10D004DDDCA /* FTabBarViewController.m */; };
		6CC7FB1315AFB62C00D21AA9 /* BackButtonIcon.png in Resources */ = {isa = PBXBuildFile; fileRef = 6CC7FB0F15AFB62C00D21AA9 /* BackButtonIcon.png */; };
		6CC7FB1415AFB62C00D21AA9 /* BackButtonIcon@2x.png in Resources */ = {isa = PBXBuildFile; fileRef = 6CC7FB1015AFB62C00D21AA9 /* BackButtonIcon@2x.png */; };
		6CC7FB1515AFB62C00D21AA9 /* BluePillNavBarIcon.png in Resources */ = {isa = PBXBuildFile; fileRef = 6CC7FB1115AFB62C00D21AA9 /* BluePillNavBarIcon.png */; };
		6CC7FB1615AFB62C00D21AA9 /* BluePillNavBarIcon@2x.png in Resources */ = {isa = PBXBuildFile; fileRef = 6CC7FB1215AFB62C00D21AA9 /* BluePillNavBarIcon@2x.png */; };
		6CC7FB2115AFB67D00D21AA9 /* ChooseActivityChooseActivity.png in Resources */ = {isa = PBXBuildFile; fileRef = 6CC7FB1915AFB67D00D21AA9 /* ChooseActivityChooseActivity.png */; };
		6CC7FB2215AFB67D00D21AA9 /* ChooseActivityChooseActivity@2x.png in Resources */ = {isa = PBXBuildFile; fileRef = 6CC7FB1A15AFB67D00D21AA9 /* ChooseActivityChooseActivity@2x.png */; };
		6CC7FB2315AFB67D00D21AA9 /* ChooseActivityChooseActivityPushed.png in Resources */ = {isa = PBXBuildFile; fileRef = 6CC7FB1B15AFB67D00D21AA9 /* ChooseActivityChooseActivityPushed.png */; };
		6CC7FB2415AFB67D00D21AA9 /* ChooseActivityChooseActivityPushed@2x.png in Resources */ = {isa = PBXBuildFile; fileRef = 6CC7FB1C15AFB67D00D21AA9 /* ChooseActivityChooseActivityPushed@2x.png */; };
		6CC7FB2515AFB67D00D21AA9 /* ChooseActivityChooseLocation.png in Resources */ = {isa = PBXBuildFile; fileRef = 6CC7FB1D15AFB67D00D21AA9 /* ChooseActivityChooseLocation.png */; };
		6CC7FB2615AFB67E00D21AA9 /* ChooseActivityChooseLocation@2x.png in Resources */ = {isa = PBXBuildFile; fileRef = 6CC7FB1E15AFB67D00D21AA9 /* ChooseActivityChooseLocation@2x.png */; };
		6CC7FB2715AFB67E00D21AA9 /* ChooseActivityChooseLocationPushed.png in Resources */ = {isa = PBXBuildFile; fileRef = 6CC7FB1F15AFB67D00D21AA9 /* ChooseActivityChooseLocationPushed.png */; };
		6CC7FB2815AFB67E00D21AA9 /* ChooseActivityChooseLocationPushed@2x.png in Resources */ = {isa = PBXBuildFile; fileRef = 6CC7FB2015AFB67D00D21AA9 /* ChooseActivityChooseLocationPushed@2x.png */; };
		6CC7FB4B15AFB80900D21AA9 /* ApplicationProfileTabNormalPushed.png in Resources */ = {isa = PBXBuildFile; fileRef = 6CC7FB4A15AFB80700D21AA9 /* ApplicationProfileTabNormalPushed.png */; };
		6CDCD5B615B1ADE300986AA2 /* ActivityHomeViewController.m in Sources */ = {isa = PBXBuildFile; fileRef = 6CDCD5B415B1ADE300986AA2 /* ActivityHomeViewController.m */; };
		6CDCD5B715B1ADE300986AA2 /* ActivityHomeViewController.xib in Resources */ = {isa = PBXBuildFile; fileRef = 6CDCD5B515B1ADE300986AA2 /* ActivityHomeViewController.xib */; };
		6CDCD5BB15B1AE9700986AA2 /* UserProfileViewController.m in Sources */ = {isa = PBXBuildFile; fileRef = 6CDCD5B915B1AE9700986AA2 /* UserProfileViewController.m */; };
		6CDCD5BC15B1AE9700986AA2 /* UserProfileViewController.xib in Resources */ = {isa = PBXBuildFile; fileRef = 6CDCD5BA15B1AE9700986AA2 /* UserProfileViewController.xib */; };
		6CDCD5BD15B1B00200986AA2 /* FTabBarViewController.xib in Resources */ = {isa = PBXBuildFile; fileRef = 6CB1B21815B1A10D004DDDCA /* FTabBarViewController.xib */; };
		6CDCD5BE15B1B05400986AA2 /* ApplicationActivityTabNormal.png in Resources */ = {isa = PBXBuildFile; fileRef = 6CC7FB2A15AFB72500D21AA9 /* ApplicationActivityTabNormal.png */; };
		6CDCD5BF15B1B05400986AA2 /* ApplicationActivityTabNormal@2x.png in Resources */ = {isa = PBXBuildFile; fileRef = 6CC7FB2B15AFB72500D21AA9 /* ApplicationActivityTabNormal@2x.png */; };
		6CDCD5C015B1B05400986AA2 /* ApplicationActivityTabNormalPushed.png in Resources */ = {isa = PBXBuildFile; fileRef = 6CC7FB2D15AFB72500D21AA9 /* ApplicationActivityTabNormalPushed.png */; };
		6CDCD5C115B1B05400986AA2 /* ApplicationActivityTabNormalPushed@2x.png in Resources */ = {isa = PBXBuildFile; fileRef = 6CC7FB2E15AFB72500D21AA9 /* ApplicationActivityTabNormalPushed@2x.png */; };
		6CDCD5C215B1B05400986AA2 /* ApplicationActivityTabSelected.png in Resources */ = {isa = PBXBuildFile; fileRef = 6CC7FB2F15AFB72500D21AA9 /* ApplicationActivityTabSelected.png */; };
		6CDCD5C315B1B05400986AA2 /* ApplicationActivityTabSelected@2x.png in Resources */ = {isa = PBXBuildFile; fileRef = 6CC7FB3115AFB72500D21AA9 /* ApplicationActivityTabSelected@2x.png */; };
		6CDCD5C415B1B05400986AA2 /* ApplicationActivityTabSelectedPushed.png in Resources */ = {isa = PBXBuildFile; fileRef = 6CC7FB3215AFB72500D21AA9 /* ApplicationActivityTabSelectedPushed.png */; };
		6CDCD5C515B1B05400986AA2 /* ApplicationActivityTabSelectedPushed@2x.png in Resources */ = {isa = PBXBuildFile; fileRef = 6CC7FB3315AFB72500D21AA9 /* ApplicationActivityTabSelectedPushed@2x.png */; };
		6CDCD5C615B1B05400986AA2 /* ApplicationFeedTabNormal.png in Resources */ = {isa = PBXBuildFile; fileRef = 6CC7FB3415AFB72500D21AA9 /* ApplicationFeedTabNormal.png */; };
		6CDCD5C715B1B05400986AA2 /* ApplicationFeedTabNormal@2x.png in Resources */ = {isa = PBXBuildFile; fileRef = 6CC7FB3515AFB72500D21AA9 /* ApplicationFeedTabNormal@2x.png */; };
		6CDCD5C815B1B05400986AA2 /* ApplicationFeedTabNormalPushed.png in Resources */ = {isa = PBXBuildFile; fileRef = 6CC7FB3615AFB72500D21AA9 /* ApplicationFeedTabNormalPushed.png */; };
		6CDCD5C915B1B05400986AA2 /* ApplicationFeedTabNormalPushed@2x.png in Resources */ = {isa = PBXBuildFile; fileRef = 6CC7FB3715AFB72500D21AA9 /* ApplicationFeedTabNormalPushed@2x.png */; };
		6CDCD5CA15B1B05400986AA2 /* ApplicationFeedTabSelected.png in Resources */ = {isa = PBXBuildFile; fileRef = 6CC7FB3815AFB72500D21AA9 /* ApplicationFeedTabSelected.png */; };
		6CDCD5CB15B1B05400986AA2 /* ApplicationFeedTabSelected@2x.png in Resources */ = {isa = PBXBuildFile; fileRef = 6CC7FB3915AFB72500D21AA9 /* ApplicationFeedTabSelected@2x.png */; };
		6CDCD5CC15B1B05400986AA2 /* ApplicationFeedTabSelectedPushed.png in Resources */ = {isa = PBXBuildFile; fileRef = 6CC7FB3A15AFB72500D21AA9 /* ApplicationFeedTabSelectedPushed.png */; };
		6CDCD5CD15B1B05400986AA2 /* ApplicationFeedTabSelectedPushed@2x.png in Resources */ = {isa = PBXBuildFile; fileRef = 6CC7FB3B15AFB72500D21AA9 /* ApplicationFeedTabSelectedPushed@2x.png */; };
		6CDCD5CE15B1B05400986AA2 /* ApplicationProfileTabNormal.png in Resources */ = {isa = PBXBuildFile; fileRef = 6CC7FB3C15AFB72500D21AA9 /* ApplicationProfileTabNormal.png */; };
		6CDCD5CF15B1B05400986AA2 /* ApplicationProfileTabNormal@2x.png in Resources */ = {isa = PBXBuildFile; fileRef = 6CC7FB3D15AFB72500D21AA9 /* ApplicationProfileTabNormal@2x.png */; };
		6CDCD5D015B1B05400986AA2 /* ApplicationProfileTabNormalPushed@2x.png in Resources */ = {isa = PBXBuildFile; fileRef = 6CC7FB3F15AFB72500D21AA9 /* ApplicationProfileTabNormalPushed@2x.png */; };
		6CDCD5D115B1B05400986AA2 /* ApplicationProfileTabSelected.png in Resources */ = {isa = PBXBuildFile; fileRef = 6CC7FB4015AFB72500D21AA9 /* ApplicationProfileTabSelected.png */; };
		6CDCD5D215B1B05400986AA2 /* ApplicationProfileTabSelected@2x.png in Resources */ = {isa = PBXBuildFile; fileRef = 6CC7FB4115AFB72500D21AA9 /* ApplicationProfileTabSelected@2x.png */; };
		6CDCD5D315B1B05400986AA2 /* ApplicationProfileTabSelectedPushed.png in Resources */ = {isa = PBXBuildFile; fileRef = 6CC7FB4215AFB72500D21AA9 /* ApplicationProfileTabSelectedPushed.png */; };
		6CDCD5D415B1B05400986AA2 /* ApplicationProfileTabSelectedPushed@2x.png in Resources */ = {isa = PBXBuildFile; fileRef = 6CC7FB4315AFB72500D21AA9 /* ApplicationProfileTabSelectedPushed@2x.png */; };
		6CDCD5D515B1B05400986AA2 /* ApplicationTabBarBackplate.png in Resources */ = {isa = PBXBuildFile; fileRef = 6CC7FB4415AFB72500D21AA9 /* ApplicationTabBarBackplate.png */; };
		6CDCD5D615B1B05400986AA2 /* ApplicationTabBarBackplate@2x.png in Resources */ = {isa = PBXBuildFile; fileRef = 6CC7FB4515AFB72500D21AA9 /* ApplicationTabBarBackplate@2x.png */; };
		6CEFED8015B3641500211CB0 /* ChooseActivityHeaderView.m in Sources */ = {isa = PBXBuildFile; fileRef = 6CEFED7F15B3641500211CB0 /* ChooseActivityHeaderView.m */; };
/* End PBXBuildFile section */

/* Begin PBXFileReference section */
		5700D1B515B470D4003C96F3 /* DiscoverCell.h */ = {isa = PBXFileReference; fileEncoding = 4; lastKnownFileType = sourcecode.c.h; path = DiscoverCell.h; sourceTree = "<group>"; };
		5700D1B615B470D4003C96F3 /* DiscoverCell.m */ = {isa = PBXFileReference; fileEncoding = 4; lastKnownFileType = sourcecode.c.objc; path = DiscoverCell.m; sourceTree = "<group>"; };
		5700D1B915B47107003C96F3 /* DiscoverCell.xib */ = {isa = PBXFileReference; fileEncoding = 4; lastKnownFileType = file.xib; path = DiscoverCell.xib; sourceTree = "<group>"; };
		57AAB0BF15AF441E00AD51CB /* FitivityLogo.png */ = {isa = PBXFileReference; lastKnownFileType = image.png; path = FitivityLogo.png; sourceTree = "<group>"; };
		57AAB0C115AF4B1300AD51CB /* QuartzCore.framework */ = {isa = PBXFileReference; lastKnownFileType = wrapper.framework; name = QuartzCore.framework; path = System/Library/Frameworks/QuartzCore.framework; sourceTree = SDKROOT; };
		6C08841D15B1C58100670936 /* PullToRefreshTableViewController.h */ = {isa = PBXFileReference; lastKnownFileType = sourcecode.c.h; path = PullToRefreshTableViewController.h; sourceTree = "<group>"; };
		6C08841E15B1C58100670936 /* PullToRefreshTableViewController.m */ = {isa = PBXFileReference; lastKnownFileType = sourcecode.c.objc; path = PullToRefreshTableViewController.m; sourceTree = "<group>"; };
		6C08841F15B1C58100670936 /* EGORefreshTableHeaderView.h */ = {isa = PBXFileReference; lastKnownFileType = sourcecode.c.h; path = EGORefreshTableHeaderView.h; sourceTree = "<group>"; };
		6C08842015B1C58100670936 /* EGORefreshTableHeaderView.m */ = {isa = PBXFileReference; lastKnownFileType = sourcecode.c.objc; path = EGORefreshTableHeaderView.m; sourceTree = "<group>"; };
		6C08842415B1C59E00670936 /* NSObject+SBJson.h */ = {isa = PBXFileReference; lastKnownFileType = sourcecode.c.h; path = "NSObject+SBJson.h"; sourceTree = "<group>"; };
		6C08842515B1C59E00670936 /* NSObject+SBJson.m */ = {isa = PBXFileReference; lastKnownFileType = sourcecode.c.objc; path = "NSObject+SBJson.m"; sourceTree = "<group>"; };
		6C08842615B1C59E00670936 /* SBJson.h */ = {isa = PBXFileReference; lastKnownFileType = sourcecode.c.h; path = SBJson.h; sourceTree = "<group>"; };
		6C08842715B1C59E00670936 /* SBJsonParser.h */ = {isa = PBXFileReference; lastKnownFileType = sourcecode.c.h; path = SBJsonParser.h; sourceTree = "<group>"; };
		6C08842815B1C59E00670936 /* SBJsonParser.m */ = {isa = PBXFileReference; lastKnownFileType = sourcecode.c.objc; path = SBJsonParser.m; sourceTree = "<group>"; };
		6C08842915B1C59E00670936 /* SBJsonStreamParser.h */ = {isa = PBXFileReference; lastKnownFileType = sourcecode.c.h; path = SBJsonStreamParser.h; sourceTree = "<group>"; };
		6C08842A15B1C59E00670936 /* SBJsonStreamParser.m */ = {isa = PBXFileReference; lastKnownFileType = sourcecode.c.objc; path = SBJsonStreamParser.m; sourceTree = "<group>"; };
		6C08842B15B1C59E00670936 /* SBJsonStreamParserAccumulator.h */ = {isa = PBXFileReference; lastKnownFileType = sourcecode.c.h; path = SBJsonStreamParserAccumulator.h; sourceTree = "<group>"; };
		6C08842C15B1C59E00670936 /* SBJsonStreamParserAccumulator.m */ = {isa = PBXFileReference; lastKnownFileType = sourcecode.c.objc; path = SBJsonStreamParserAccumulator.m; sourceTree = "<group>"; };
		6C08842D15B1C59E00670936 /* SBJsonStreamParserAdapter.h */ = {isa = PBXFileReference; lastKnownFileType = sourcecode.c.h; path = SBJsonStreamParserAdapter.h; sourceTree = "<group>"; };
		6C08842E15B1C59E00670936 /* SBJsonStreamParserAdapter.m */ = {isa = PBXFileReference; lastKnownFileType = sourcecode.c.objc; path = SBJsonStreamParserAdapter.m; sourceTree = "<group>"; };
		6C08842F15B1C59E00670936 /* SBJsonStreamParserState.h */ = {isa = PBXFileReference; lastKnownFileType = sourcecode.c.h; path = SBJsonStreamParserState.h; sourceTree = "<group>"; };
		6C08843015B1C59E00670936 /* SBJsonStreamParserState.m */ = {isa = PBXFileReference; lastKnownFileType = sourcecode.c.objc; path = SBJsonStreamParserState.m; sourceTree = "<group>"; };
		6C08843115B1C59E00670936 /* SBJsonStreamWriter.h */ = {isa = PBXFileReference; lastKnownFileType = sourcecode.c.h; path = SBJsonStreamWriter.h; sourceTree = "<group>"; };
		6C08843215B1C59E00670936 /* SBJsonStreamWriter.m */ = {isa = PBXFileReference; lastKnownFileType = sourcecode.c.objc; path = SBJsonStreamWriter.m; sourceTree = "<group>"; };
		6C08843315B1C59E00670936 /* SBJsonStreamWriterAccumulator.h */ = {isa = PBXFileReference; lastKnownFileType = sourcecode.c.h; path = SBJsonStreamWriterAccumulator.h; sourceTree = "<group>"; };
		6C08843415B1C59E00670936 /* SBJsonStreamWriterAccumulator.m */ = {isa = PBXFileReference; lastKnownFileType = sourcecode.c.objc; path = SBJsonStreamWriterAccumulator.m; sourceTree = "<group>"; };
		6C08843515B1C59E00670936 /* SBJsonStreamWriterState.h */ = {isa = PBXFileReference; lastKnownFileType = sourcecode.c.h; path = SBJsonStreamWriterState.h; sourceTree = "<group>"; };
		6C08843615B1C59E00670936 /* SBJsonStreamWriterState.m */ = {isa = PBXFileReference; lastKnownFileType = sourcecode.c.objc; path = SBJsonStreamWriterState.m; sourceTree = "<group>"; };
		6C08843715B1C59E00670936 /* SBJsonTokeniser.h */ = {isa = PBXFileReference; lastKnownFileType = sourcecode.c.h; path = SBJsonTokeniser.h; sourceTree = "<group>"; };
		6C08843815B1C59E00670936 /* SBJsonTokeniser.m */ = {isa = PBXFileReference; lastKnownFileType = sourcecode.c.objc; path = SBJsonTokeniser.m; sourceTree = "<group>"; };
		6C08843915B1C59E00670936 /* SBJsonUTF8Stream.h */ = {isa = PBXFileReference; lastKnownFileType = sourcecode.c.h; path = SBJsonUTF8Stream.h; sourceTree = "<group>"; };
		6C08843A15B1C59E00670936 /* SBJsonUTF8Stream.m */ = {isa = PBXFileReference; lastKnownFileType = sourcecode.c.objc; path = SBJsonUTF8Stream.m; sourceTree = "<group>"; };
		6C08843B15B1C59E00670936 /* SBJsonWriter.h */ = {isa = PBXFileReference; lastKnownFileType = sourcecode.c.h; path = SBJsonWriter.h; sourceTree = "<group>"; };
		6C08843C15B1C59E00670936 /* SBJsonWriter.m */ = {isa = PBXFileReference; lastKnownFileType = sourcecode.c.objc; path = SBJsonWriter.m; sourceTree = "<group>"; };
		6C08844A15B1C62700670936 /* GooglePlacesConnection.h */ = {isa = PBXFileReference; lastKnownFileType = sourcecode.c.h; path = GooglePlacesConnection.h; sourceTree = "<group>"; };
		6C08844B15B1C62700670936 /* GooglePlacesConnection.m */ = {isa = PBXFileReference; lastKnownFileType = sourcecode.c.objc; path = GooglePlacesConnection.m; sourceTree = "<group>"; };
		6C08844C15B1C62700670936 /* GooglePlacesObject.h */ = {isa = PBXFileReference; lastKnownFileType = sourcecode.c.h; path = GooglePlacesObject.h; sourceTree = "<group>"; };
		6C08844D15B1C62700670936 /* GooglePlacesObject.m */ = {isa = PBXFileReference; lastKnownFileType = sourcecode.c.objc; path = GooglePlacesObject.m; sourceTree = "<group>"; };
		6C08844E15B1C62F00670936 /* GTMDefines.h */ = {isa = PBXFileReference; lastKnownFileType = sourcecode.c.h; path = GTMDefines.h; sourceTree = "<group>"; };
		6C08844F15B1C62F00670936 /* GTMGarbageCollection.h */ = {isa = PBXFileReference; lastKnownFileType = sourcecode.c.h; path = GTMGarbageCollection.h; sourceTree = "<group>"; };
		6C08845015B1C62F00670936 /* GTMNSString+URLArguments.h */ = {isa = PBXFileReference; lastKnownFileType = sourcecode.c.h; path = "GTMNSString+URLArguments.h"; sourceTree = "<group>"; };
		6C08845115B1C62F00670936 /* GTMNSString+URLArguments.m */ = {isa = PBXFileReference; lastKnownFileType = sourcecode.c.objc; path = "GTMNSString+URLArguments.m"; sourceTree = "<group>"; };
		6C08845415B1C67000670936 /* CoreLocation.framework */ = {isa = PBXFileReference; lastKnownFileType = wrapper.framework; name = CoreLocation.framework; path = System/Library/Frameworks/CoreLocation.framework; sourceTree = SDKROOT; };
		6C08845615B1C72B00670936 /* MapKit.framework */ = {isa = PBXFileReference; lastKnownFileType = wrapper.framework; name = MapKit.framework; path = System/Library/Frameworks/MapKit.framework; sourceTree = SDKROOT; };
		6C08845815B1C90A00670936 /* ChooseLocationViewController.h */ = {isa = PBXFileReference; fileEncoding = 4; lastKnownFileType = sourcecode.c.h; path = ChooseLocationViewController.h; sourceTree = "<group>"; };
		6C08845915B1C90A00670936 /* ChooseLocationViewController.m */ = {isa = PBXFileReference; fileEncoding = 4; lastKnownFileType = sourcecode.c.objc; path = ChooseLocationViewController.m; sourceTree = "<group>"; };
		6C08845C15B1D3D300670936 /* ChooseLocationViewController.xib */ = {isa = PBXFileReference; fileEncoding = 4; lastKnownFileType = file.xib; path = ChooseLocationViewController.xib; sourceTree = "<group>"; };
		6C7722AC15B1EB670040DB1D /* ChooseActivityViewController.h */ = {isa = PBXFileReference; fileEncoding = 4; lastKnownFileType = sourcecode.c.h; path = ChooseActivityViewController.h; sourceTree = "<group>"; };
		6C7722AD15B1EB670040DB1D /* ChooseActivityViewController.m */ = {isa = PBXFileReference; fileEncoding = 4; lastKnownFileType = sourcecode.c.objc; path = ChooseActivityViewController.m; sourceTree = "<group>"; };
		6C7722AE15B1EB670040DB1D /* ChooseActivityViewController.xib */ = {isa = PBXFileReference; fileEncoding = 4; lastKnownFileType = file.xib; name = ChooseActivityViewController.xib; path = Fitivity/ChooseActivityViewController.xib; sourceTree = "<group>"; };
		6C7722B315B1F14D0040DB1D /* FeedCellActiveGroupActivityIconImage.png */ = {isa = PBXFileReference; lastKnownFileType = image.png; path = FeedCellActiveGroupActivityIconImage.png; sourceTree = "<group>"; };
		6C7722B415B1F14D0040DB1D /* FeedCellActiveGroupActivityIconImage@2x.png */ = {isa = PBXFileReference; lastKnownFileType = image.png; path = "FeedCellActiveGroupActivityIconImage@2x.png"; sourceTree = "<group>"; };
		6C7722B515B1F14D0040DB1D /* FeedCellIconImageBackplate.png */ = {isa = PBXFileReference; lastKnownFileType = image.png; path = FeedCellIconImageBackplate.png; sourceTree = "<group>"; };
		6C7722B615B1F14D0040DB1D /* FeedCellIconImageBackplate@2x.png */ = {isa = PBXFileReference; lastKnownFileType = image.png; path = "FeedCellIconImageBackplate@2x.png"; sourceTree = "<group>"; };
		6C7722B715B1F14D0040DB1D /* FeedCellProfilePlaceholderPicture.png */ = {isa = PBXFileReference; lastKnownFileType = image.png; path = FeedCellProfilePlaceholderPicture.png; sourceTree = "<group>"; };
		6C7722B815B1F14D0040DB1D /* FeedCellProfilePlaceholderPicture@2.png */ = {isa = PBXFileReference; lastKnownFileType = image.png; path = "FeedCellProfilePlaceholderPicture@2.png"; sourceTree = "<group>"; };
		6C7722B915B1F14D0040DB1D /* FeedCellProposedGroupActivityIconImage.png */ = {isa = PBXFileReference; lastKnownFileType = image.png; path = FeedCellProposedGroupActivityIconImage.png; sourceTree = "<group>"; };
		6C7722BA15B1F14D0040DB1D /* FeedCellProposedGroupActivityIconImage@2x.png */ = {isa = PBXFileReference; lastKnownFileType = image.png; path = "FeedCellProposedGroupActivityIconImage@2x.png"; sourceTree = "<group>"; };
		6C7722BB15B1F14D0040DB1D /* FeedCellWhiteDisclosureIndicator.png */ = {isa = PBXFileReference; lastKnownFileType = image.png; path = FeedCellWhiteDisclosureIndicator.png; sourceTree = "<group>"; };
		6C7722BC15B1F14D0040DB1D /* FeedCellWhiteDisclosureIndicator@2.png */ = {isa = PBXFileReference; lastKnownFileType = image.png; path = "FeedCellWhiteDisclosureIndicator@2.png"; sourceTree = "<group>"; };
		6C7722C815B2096B0040DB1D /* ChooseLocationCell.h */ = {isa = PBXFileReference; fileEncoding = 4; lastKnownFileType = sourcecode.c.h; path = ChooseLocationCell.h; sourceTree = "<group>"; };
		6C7722C915B2096B0040DB1D /* ChooseLocationCell.m */ = {isa = PBXFileReference; fileEncoding = 4; lastKnownFileType = sourcecode.c.objc; path = ChooseLocationCell.m; sourceTree = "<group>"; };
		6C7722CC15B209900040DB1D /* ChooseLocationCell.xib */ = {isa = PBXFileReference; fileEncoding = 4; lastKnownFileType = file.xib; path = ChooseLocationCell.xib; sourceTree = "<group>"; };
		6C7722CF15B20BEF0040DB1D /* FitivityBackButtonIcon.png */ = {isa = PBXFileReference; lastKnownFileType = image.png; path = FitivityBackButtonIcon.png; sourceTree = "<group>"; };
		6C7722D015B20BEF0040DB1D /* FitivityBackButtonIcon@2x.png */ = {isa = PBXFileReference; lastKnownFileType = image.png; path = "FitivityBackButtonIcon@2x.png"; sourceTree = "<group>"; };
		6C7722D115B20BEF0040DB1D /* FitivityBluePillNavBarIcon.png */ = {isa = PBXFileReference; lastKnownFileType = image.png; path = FitivityBluePillNavBarIcon.png; sourceTree = "<group>"; };
		6C7722D215B20BEF0040DB1D /* FitivityBluePillNavBarIcon@2x.png */ = {isa = PBXFileReference; lastKnownFileType = image.png; path = "FitivityBluePillNavBarIcon@2x.png"; sourceTree = "<group>"; };
		6C7722D815B20C130040DB1D /* DarkerBlueBackplateTexture@2x.png */ = {isa = PBXFileReference; lastKnownFileType = image.png; path = "DarkerBlueBackplateTexture@2x.png"; sourceTree = "<group>"; };
		6C7722DA15B20C140040DB1D /* DarkerBlueBackplateTexturePushed@2x.png */ = {isa = PBXFileReference; lastKnownFileType = image.png; path = "DarkerBlueBackplateTexturePushed@2x.png"; sourceTree = "<group>"; };
		6C7722DB15B20C150040DB1D /* DarkerBlueShadowLower.png */ = {isa = PBXFileReference; lastKnownFileType = image.png; path = DarkerBlueShadowLower.png; sourceTree = "<group>"; };
		6C7722DC15B20C160040DB1D /* DarkerBlueShadowLower@2x.png */ = {isa = PBXFileReference; lastKnownFileType = image.png; path = "DarkerBlueShadowLower@2x.png"; sourceTree = "<group>"; };
		6C7722DD15B20C160040DB1D /* DarkerBlueShadowUpper.png */ = {isa = PBXFileReference; lastKnownFileType = image.png; path = DarkerBlueShadowUpper.png; sourceTree = "<group>"; };
		6C7722DE15B20C170040DB1D /* DarkerBlueShadowUpper@2x.png */ = {isa = PBXFileReference; lastKnownFileType = image.png; path = "DarkerBlueShadowUpper@2x.png"; sourceTree = "<group>"; };
		6C7722E715B20C2E0040DB1D /* DarkerBlueBackplateTexture.png */ = {isa = PBXFileReference; lastKnownFileType = image.png; path = DarkerBlueBackplateTexture.png; sourceTree = "<group>"; };
		6C7722E915B20C8A0040DB1D /* DarkerBlueBackplateTexturePushed.png */ = {isa = PBXFileReference; lastKnownFileType = image.png; path = DarkerBlueBackplateTexturePushed.png; sourceTree = "<group>"; };
		6C7722EF15B20E270040DB1D /* CategoryCellClosedIcon.png */ = {isa = PBXFileReference; lastKnownFileType = image.png; path = CategoryCellClosedIcon.png; sourceTree = "<group>"; };
		6C7722F015B20E290040DB1D /* CategoryCellClosedIcon@2x.png */ = {isa = PBXFileReference; lastKnownFileType = image.png; path = "CategoryCellClosedIcon@2x.png"; sourceTree = "<group>"; };
		6C7722F115B20E2A0040DB1D /* CategoryCellExpandedIcon.png */ = {isa = PBXFileReference; lastKnownFileType = image.png; path = CategoryCellExpandedIcon.png; sourceTree = "<group>"; };
		6C7722F715B20E530040DB1D /* CategoryCellExpandedIcon@2x.png */ = {isa = PBXFileReference; lastKnownFileType = image.png; path = "CategoryCellExpandedIcon@2x.png"; sourceTree = "<group>"; };
		6C7722F915B20E9C0040DB1D /* PlaceholderMapImage.png */ = {isa = PBXFileReference; lastKnownFileType = image.png; path = PlaceholderMapImage.png; sourceTree = "<group>"; };
		6C7722FA15B20E9D0040DB1D /* PlaceholderMapImage@2x.png */ = {isa = PBXFileReference; lastKnownFileType = image.png; path = "PlaceholderMapImage@2x.png"; sourceTree = "<group>"; };
		6C7722FD15B20EBC0040DB1D /* StaticMapBackplateImage.png */ = {isa = PBXFileReference; lastKnownFileType = image.png; path = StaticMapBackplateImage.png; sourceTree = "<group>"; };
		6C7722FE15B20EC10040DB1D /* StaticMapBackplateImage@2x.png */ = {isa = PBXFileReference; lastKnownFileType = image.png; path = "StaticMapBackplateImage@2x.png"; sourceTree = "<group>"; };
		6C77230115B20EEF0040DB1D /* LocationCellIconImage.png */ = {isa = PBXFileReference; lastKnownFileType = image.png; path = LocationCellIconImage.png; sourceTree = "<group>"; };
		6C77230215B20F100040DB1D /* LocationCellIconImage@2x.png */ = {isa = PBXFileReference; lastKnownFileType = image.png; path = "LocationCellIconImage@2x.png"; sourceTree = "<group>"; };
		6C86658415AFA1A6004D932F /* LoginViewController.h */ = {isa = PBXFileReference; fileEncoding = 4; lastKnownFileType = sourcecode.c.h; path = LoginViewController.h; sourceTree = "<group>"; };
		6C86658515AFA1A6004D932F /* LoginViewController.m */ = {isa = PBXFileReference; fileEncoding = 4; lastKnownFileType = sourcecode.c.objc; path = LoginViewController.m; sourceTree = "<group>"; };
		6C86658915AFA1BB004D932F /* SignUpViewController.h */ = {isa = PBXFileReference; fileEncoding = 4; lastKnownFileType = sourcecode.c.h; path = SignUpViewController.h; sourceTree = "<group>"; };
		6C86658A15AFA1BB004D932F /* SignUpViewController.m */ = {isa = PBXFileReference; fileEncoding = 4; lastKnownFileType = sourcecode.c.objc; path = SignUpViewController.m; sourceTree = "<group>"; };
		6C86658B15AFA1BB004D932F /* SignUpViewController.xib */ = {isa = PBXFileReference; fileEncoding = 4; lastKnownFileType = file.xib; name = SignUpViewController.xib; path = Fitivity/SignUpViewController.xib; sourceTree = "<group>"; };
		6C86659F15AFA57C004D932F /* LoginWithFacebookButtonImage.png */ = {isa = PBXFileReference; lastKnownFileType = image.png; path = LoginWithFacebookButtonImage.png; sourceTree = "<group>"; };
		6C8665A015AFA57C004D932F /* LoginWithFacebookButtonImage@2x.png */ = {isa = PBXFileReference; lastKnownFileType = image.png; path = "LoginWithFacebookButtonImage@2x.png"; sourceTree = "<group>"; };
		6C8665A315AFA5D3004D932F /* LoginButton.png */ = {isa = PBXFileReference; lastKnownFileType = image.png; path = LoginButton.png; sourceTree = "<group>"; };
		6C8665A415AFA5D3004D932F /* LoginButton@2.png */ = {isa = PBXFileReference; lastKnownFileType = image.png; path = "LoginButton@2.png"; sourceTree = "<group>"; };
		6C8665A515AFA5D3004D932F /* LoginButtonPushed.png */ = {isa = PBXFileReference; lastKnownFileType = image.png; path = LoginButtonPushed.png; sourceTree = "<group>"; };
		6C8665A615AFA5D3004D932F /* LoginButtonPushed@2x.png */ = {isa = PBXFileReference; lastKnownFileType = image.png; path = "LoginButtonPushed@2x.png"; sourceTree = "<group>"; };
		6C8665A715AFA5D3004D932F /* RegisterButton.png */ = {isa = PBXFileReference; lastKnownFileType = image.png; path = RegisterButton.png; sourceTree = "<group>"; };
		6C8665A815AFA5D3004D932F /* RegisterButton@2x.png */ = {isa = PBXFileReference; lastKnownFileType = image.png; path = "RegisterButton@2x.png"; sourceTree = "<group>"; };
		6C8665A915AFA5D3004D932F /* RegisterButtonPushed.png */ = {isa = PBXFileReference; lastKnownFileType = image.png; path = RegisterButtonPushed.png; sourceTree = "<group>"; };
		6C8665AA15AFA5D3004D932F /* RegisterButtonPushed@2x.png */ = {isa = PBXFileReference; lastKnownFileType = image.png; path = "RegisterButtonPushed@2x.png"; sourceTree = "<group>"; };
		6C8665AB15AFA5D3004D932F /* NavigationBarBackplate.png */ = {isa = PBXFileReference; lastKnownFileType = image.png; path = NavigationBarBackplate.png; sourceTree = "<group>"; };
		6C8665AC15AFA5D3004D932F /* NavigationBarBackplate@2x.png */ = {isa = PBXFileReference; lastKnownFileType = image.png; path = "NavigationBarBackplate@2x.png"; sourceTree = "<group>"; };
		6C8665BC15AFA820004D932F /* LoginViewController.xib */ = {isa = PBXFileReference; fileEncoding = 4; lastKnownFileType = file.xib; path = LoginViewController.xib; sourceTree = "<group>"; };
		6C8665D915AFB12B004D932F /* NSError+FITParseUtilities.h */ = {isa = PBXFileReference; lastKnownFileType = sourcecode.c.h; path = "NSError+FITParseUtilities.h"; sourceTree = "<group>"; };
		6C8665DA15AFB12B004D932F /* NSError+FITParseUtilities.m */ = {isa = PBXFileReference; lastKnownFileType = sourcecode.c.objc; path = "NSError+FITParseUtilities.m"; sourceTree = "<group>"; };
		6CA138CC15B21C8600C1E1EC /* LocationMapViewController.h */ = {isa = PBXFileReference; fileEncoding = 4; lastKnownFileType = sourcecode.c.h; path = LocationMapViewController.h; sourceTree = "<group>"; };
		6CA138CD15B21C8600C1E1EC /* LocationMapViewController.m */ = {isa = PBXFileReference; fileEncoding = 4; lastKnownFileType = sourcecode.c.objc; path = LocationMapViewController.m; sourceTree = "<group>"; };
		6CA138CE15B21C8600C1E1EC /* LocationMapViewController.xib */ = {isa = PBXFileReference; fileEncoding = 4; lastKnownFileType = file.xib; name = LocationMapViewController.xib; path = Fitivity/LocationMapViewController.xib; sourceTree = "<group>"; };
		6CA138D515B21E8B00C1E1EC /* MapPin.h */ = {isa = PBXFileReference; lastKnownFileType = sourcecode.c.h; path = MapPin.h; sourceTree = "<group>"; };
		6CA138D615B21E8B00C1E1EC /* MapPin.m */ = {isa = PBXFileReference; lastKnownFileType = sourcecode.c.objc; path = MapPin.m; sourceTree = "<group>"; };
		6CA2690415AE2A5200CD205C /* SystemConfiguration.framework */ = {isa = PBXFileReference; lastKnownFileType = wrapper.framework; name = SystemConfiguration.framework; path = System/Library/Frameworks/SystemConfiguration.framework; sourceTree = SDKROOT; };
		6CA2691415AE2D2B00CD205C /* AudioToolbox.framework */ = {isa = PBXFileReference; lastKnownFileType = wrapper.framework; name = AudioToolbox.framework; path = System/Library/Frameworks/AudioToolbox.framework; sourceTree = SDKROOT; };
		6CA2691615AE2D7A00CD205C /* CFNetwork.framework */ = {isa = PBXFileReference; lastKnownFileType = wrapper.framework; name = CFNetwork.framework; path = System/Library/Frameworks/CFNetwork.framework; sourceTree = SDKROOT; };
		6CA2691815AE2DEB00CD205C /* MobileCoreServices.framework */ = {isa = PBXFileReference; lastKnownFileType = wrapper.framework; name = MobileCoreServices.framework; path = System/Library/Frameworks/MobileCoreServices.framework; sourceTree = SDKROOT; };
		6CA2691A15AE2E1200CD205C /* Security.framework */ = {isa = PBXFileReference; lastKnownFileType = wrapper.framework; name = Security.framework; path = System/Library/Frameworks/Security.framework; sourceTree = SDKROOT; };
		6CA2691C15AE2FB900CD205C /* StreamViewController.h */ = {isa = PBXFileReference; fileEncoding = 4; lastKnownFileType = sourcecode.c.h; path = StreamViewController.h; sourceTree = "<group>"; };
		6CA2691D15AE2FB900CD205C /* StreamViewController.m */ = {isa = PBXFileReference; fileEncoding = 4; lastKnownFileType = sourcecode.c.objc; path = StreamViewController.m; sourceTree = "<group>"; };
		6CA2691E15AE2FB900CD205C /* StreamViewController.xib */ = {isa = PBXFileReference; fileEncoding = 4; lastKnownFileType = file.xib; name = StreamViewController.xib; path = Fitivity/StreamViewController.xib; sourceTree = "<group>"; };
		6CB1A72115ACFC1D00C0FF75 /* Fitivity.app */ = {isa = PBXFileReference; explicitFileType = wrapper.application; includeInIndex = 0; path = Fitivity.app; sourceTree = BUILT_PRODUCTS_DIR; };
		6CB1A72515ACFC1D00C0FF75 /* UIKit.framework */ = {isa = PBXFileReference; lastKnownFileType = wrapper.framework; name = UIKit.framework; path = System/Library/Frameworks/UIKit.framework; sourceTree = SDKROOT; };
		6CB1A72715ACFC1D00C0FF75 /* Foundation.framework */ = {isa = PBXFileReference; lastKnownFileType = wrapper.framework; name = Foundation.framework; path = System/Library/Frameworks/Foundation.framework; sourceTree = SDKROOT; };
		6CB1A72915ACFC1D00C0FF75 /* CoreGraphics.framework */ = {isa = PBXFileReference; lastKnownFileType = wrapper.framework; name = CoreGraphics.framework; path = System/Library/Frameworks/CoreGraphics.framework; sourceTree = SDKROOT; };
		6CB1A72D15ACFC1D00C0FF75 /* Fitivity-Info.plist */ = {isa = PBXFileReference; lastKnownFileType = text.plist.xml; path = "Fitivity-Info.plist"; sourceTree = "<group>"; };
		6CB1A72F15ACFC1D00C0FF75 /* en */ = {isa = PBXFileReference; lastKnownFileType = text.plist.strings; name = en; path = en.lproj/InfoPlist.strings; sourceTree = "<group>"; };
		6CB1A73115ACFC1D00C0FF75 /* main.m */ = {isa = PBXFileReference; lastKnownFileType = sourcecode.c.objc; path = main.m; sourceTree = "<group>"; };
		6CB1A73315ACFC1D00C0FF75 /* Fitivity-Prefix.pch */ = {isa = PBXFileReference; lastKnownFileType = sourcecode.c.h; path = "Fitivity-Prefix.pch"; sourceTree = "<group>"; };
		6CB1A73415ACFC1D00C0FF75 /* AppDelegate.h */ = {isa = PBXFileReference; lastKnownFileType = sourcecode.c.h; path = AppDelegate.h; sourceTree = "<group>"; };
		6CB1A73515ACFC1D00C0FF75 /* AppDelegate.m */ = {isa = PBXFileReference; lastKnownFileType = sourcecode.c.objc; path = AppDelegate.m; sourceTree = "<group>"; };
		6CB1A74C15ACFC6800C0FF75 /* FConfig.h */ = {isa = PBXFileReference; fileEncoding = 4; lastKnownFileType = sourcecode.c.h; name = FConfig.h; path = Fitivity/FConfig.h; sourceTree = "<group>"; };
		6CB1A74D15ACFC6800C0FF75 /* FConfig.m */ = {isa = PBXFileReference; fileEncoding = 4; lastKnownFileType = sourcecode.c.objc; name = FConfig.m; path = Fitivity/FConfig.m; sourceTree = "<group>"; };
		6CB1A75015ACFD4300C0FF75 /* Reachability.h */ = {isa = PBXFileReference; lastKnownFileType = sourcecode.c.h; path = Reachability.h; sourceTree = "<group>"; };
		6CB1A75115ACFD4300C0FF75 /* Reachability.m */ = {isa = PBXFileReference; lastKnownFileType = sourcecode.c.objc; path = Reachability.m; sourceTree = "<group>"; };
		6CB1A75315ACFF7800C0FF75 /* background.png */ = {isa = PBXFileReference; lastKnownFileType = image.png; path = background.png; sourceTree = "<group>"; };
		6CB1A75415ACFF7800C0FF75 /* background@2x.png */ = {isa = PBXFileReference; lastKnownFileType = image.png; path = "background@2x.png"; sourceTree = "<group>"; };
		6CB1A75715ACFFBC00C0FF75 /* OpeningLogoViewController.h */ = {isa = PBXFileReference; fileEncoding = 4; lastKnownFileType = sourcecode.c.h; path = OpeningLogoViewController.h; sourceTree = "<group>"; };
		6CB1A75815ACFFBC00C0FF75 /* OpeningLogoViewController.m */ = {isa = PBXFileReference; fileEncoding = 4; lastKnownFileType = sourcecode.c.objc; path = OpeningLogoViewController.m; sourceTree = "<group>"; };
		6CB1A75915ACFFBC00C0FF75 /* OpeningLogoViewController.xib */ = {isa = PBXFileReference; fileEncoding = 4; lastKnownFileType = file.xib; name = OpeningLogoViewController.xib; path = Fitivity/OpeningLogoViewController.xib; sourceTree = "<group>"; };
		6CB1A78215AD067000C0FF75 /* Parse.framework */ = {isa = PBXFileReference; lastKnownFileType = wrapper.framework; path = Parse.framework; sourceTree = "<group>"; };
		6CB1B21615B1A10D004DDDCA /* FTabBarViewController.h */ = {isa = PBXFileReference; lastKnownFileType = sourcecode.c.h; path = FTabBarViewController.h; sourceTree = "<group>"; };
		6CB1B21715B1A10D004DDDCA /* FTabBarViewController.m */ = {isa = PBXFileReference; lastKnownFileType = sourcecode.c.objc; path = FTabBarViewController.m; sourceTree = "<group>"; };
		6CB1B21815B1A10D004DDDCA /* FTabBarViewController.xib */ = {isa = PBXFileReference; lastKnownFileType = file.xib; name = FTabBarViewController.xib; path = Fitivity/FTabBarViewController.xib; sourceTree = "<group>"; };
		6CC7FB0F15AFB62C00D21AA9 /* BackButtonIcon.png */ = {isa = PBXFileReference; lastKnownFileType = image.png; path = BackButtonIcon.png; sourceTree = "<group>"; };
		6CC7FB1015AFB62C00D21AA9 /* BackButtonIcon@2x.png */ = {isa = PBXFileReference; lastKnownFileType = image.png; path = "BackButtonIcon@2x.png"; sourceTree = "<group>"; };
		6CC7FB1115AFB62C00D21AA9 /* BluePillNavBarIcon.png */ = {isa = PBXFileReference; lastKnownFileType = image.png; path = BluePillNavBarIcon.png; sourceTree = "<group>"; };
		6CC7FB1215AFB62C00D21AA9 /* BluePillNavBarIcon@2x.png */ = {isa = PBXFileReference; lastKnownFileType = image.png; path = "BluePillNavBarIcon@2x.png"; sourceTree = "<group>"; };
		6CC7FB1915AFB67D00D21AA9 /* ChooseActivityChooseActivity.png */ = {isa = PBXFileReference; lastKnownFileType = image.png; path = ChooseActivityChooseActivity.png; sourceTree = "<group>"; };
		6CC7FB1A15AFB67D00D21AA9 /* ChooseActivityChooseActivity@2x.png */ = {isa = PBXFileReference; lastKnownFileType = image.png; path = "ChooseActivityChooseActivity@2x.png"; sourceTree = "<group>"; };
		6CC7FB1B15AFB67D00D21AA9 /* ChooseActivityChooseActivityPushed.png */ = {isa = PBXFileReference; lastKnownFileType = image.png; path = ChooseActivityChooseActivityPushed.png; sourceTree = "<group>"; };
		6CC7FB1C15AFB67D00D21AA9 /* ChooseActivityChooseActivityPushed@2x.png */ = {isa = PBXFileReference; lastKnownFileType = image.png; path = "ChooseActivityChooseActivityPushed@2x.png"; sourceTree = "<group>"; };
		6CC7FB1D15AFB67D00D21AA9 /* ChooseActivityChooseLocation.png */ = {isa = PBXFileReference; lastKnownFileType = image.png; path = ChooseActivityChooseLocation.png; sourceTree = "<group>"; };
		6CC7FB1E15AFB67D00D21AA9 /* ChooseActivityChooseLocation@2x.png */ = {isa = PBXFileReference; lastKnownFileType = image.png; path = "ChooseActivityChooseLocation@2x.png"; sourceTree = "<group>"; };
		6CC7FB1F15AFB67D00D21AA9 /* ChooseActivityChooseLocationPushed.png */ = {isa = PBXFileReference; lastKnownFileType = image.png; path = ChooseActivityChooseLocationPushed.png; sourceTree = "<group>"; };
		6CC7FB2015AFB67D00D21AA9 /* ChooseActivityChooseLocationPushed@2x.png */ = {isa = PBXFileReference; lastKnownFileType = image.png; path = "ChooseActivityChooseLocationPushed@2x.png"; sourceTree = "<group>"; };
		6CC7FB2A15AFB72500D21AA9 /* ApplicationActivityTabNormal.png */ = {isa = PBXFileReference; lastKnownFileType = image.png; path = ApplicationActivityTabNormal.png; sourceTree = "<group>"; };
		6CC7FB2B15AFB72500D21AA9 /* ApplicationActivityTabNormal@2x.png */ = {isa = PBXFileReference; lastKnownFileType = image.png; path = "ApplicationActivityTabNormal@2x.png"; sourceTree = "<group>"; };
		6CC7FB2D15AFB72500D21AA9 /* ApplicationActivityTabNormalPushed.png */ = {isa = PBXFileReference; lastKnownFileType = image.png; path = ApplicationActivityTabNormalPushed.png; sourceTree = "<group>"; };
		6CC7FB2E15AFB72500D21AA9 /* ApplicationActivityTabNormalPushed@2x.png */ = {isa = PBXFileReference; lastKnownFileType = image.png; path = "ApplicationActivityTabNormalPushed@2x.png"; sourceTree = "<group>"; };
		6CC7FB2F15AFB72500D21AA9 /* ApplicationActivityTabSelected.png */ = {isa = PBXFileReference; lastKnownFileType = image.png; path = ApplicationActivityTabSelected.png; sourceTree = "<group>"; };
		6CC7FB3115AFB72500D21AA9 /* ApplicationActivityTabSelected@2x.png */ = {isa = PBXFileReference; lastKnownFileType = image.png; path = "ApplicationActivityTabSelected@2x.png"; sourceTree = "<group>"; };
		6CC7FB3215AFB72500D21AA9 /* ApplicationActivityTabSelectedPushed.png */ = {isa = PBXFileReference; lastKnownFileType = image.png; path = ApplicationActivityTabSelectedPushed.png; sourceTree = "<group>"; };
		6CC7FB3315AFB72500D21AA9 /* ApplicationActivityTabSelectedPushed@2x.png */ = {isa = PBXFileReference; lastKnownFileType = image.png; path = "ApplicationActivityTabSelectedPushed@2x.png"; sourceTree = "<group>"; };
		6CC7FB3415AFB72500D21AA9 /* ApplicationFeedTabNormal.png */ = {isa = PBXFileReference; lastKnownFileType = image.png; path = ApplicationFeedTabNormal.png; sourceTree = "<group>"; };
		6CC7FB3515AFB72500D21AA9 /* ApplicationFeedTabNormal@2x.png */ = {isa = PBXFileReference; lastKnownFileType = image.png; path = "ApplicationFeedTabNormal@2x.png"; sourceTree = "<group>"; };
		6CC7FB3615AFB72500D21AA9 /* ApplicationFeedTabNormalPushed.png */ = {isa = PBXFileReference; lastKnownFileType = image.png; path = ApplicationFeedTabNormalPushed.png; sourceTree = "<group>"; };
		6CC7FB3715AFB72500D21AA9 /* ApplicationFeedTabNormalPushed@2x.png */ = {isa = PBXFileReference; lastKnownFileType = image.png; path = "ApplicationFeedTabNormalPushed@2x.png"; sourceTree = "<group>"; };
		6CC7FB3815AFB72500D21AA9 /* ApplicationFeedTabSelected.png */ = {isa = PBXFileReference; lastKnownFileType = image.png; path = ApplicationFeedTabSelected.png; sourceTree = "<group>"; };
		6CC7FB3915AFB72500D21AA9 /* ApplicationFeedTabSelected@2x.png */ = {isa = PBXFileReference; lastKnownFileType = image.png; path = "ApplicationFeedTabSelected@2x.png"; sourceTree = "<group>"; };
		6CC7FB3A15AFB72500D21AA9 /* ApplicationFeedTabSelectedPushed.png */ = {isa = PBXFileReference; lastKnownFileType = image.png; path = ApplicationFeedTabSelectedPushed.png; sourceTree = "<group>"; };
		6CC7FB3B15AFB72500D21AA9 /* ApplicationFeedTabSelectedPushed@2x.png */ = {isa = PBXFileReference; lastKnownFileType = image.png; path = "ApplicationFeedTabSelectedPushed@2x.png"; sourceTree = "<group>"; };
		6CC7FB3C15AFB72500D21AA9 /* ApplicationProfileTabNormal.png */ = {isa = PBXFileReference; lastKnownFileType = image.png; path = ApplicationProfileTabNormal.png; sourceTree = "<group>"; };
		6CC7FB3D15AFB72500D21AA9 /* ApplicationProfileTabNormal@2x.png */ = {isa = PBXFileReference; lastKnownFileType = image.png; path = "ApplicationProfileTabNormal@2x.png"; sourceTree = "<group>"; };
		6CC7FB3F15AFB72500D21AA9 /* ApplicationProfileTabNormalPushed@2x.png */ = {isa = PBXFileReference; lastKnownFileType = image.png; path = "ApplicationProfileTabNormalPushed@2x.png"; sourceTree = "<group>"; };
		6CC7FB4015AFB72500D21AA9 /* ApplicationProfileTabSelected.png */ = {isa = PBXFileReference; lastKnownFileType = image.png; path = ApplicationProfileTabSelected.png; sourceTree = "<group>"; };
		6CC7FB4115AFB72500D21AA9 /* ApplicationProfileTabSelected@2x.png */ = {isa = PBXFileReference; lastKnownFileType = image.png; path = "ApplicationProfileTabSelected@2x.png"; sourceTree = "<group>"; };
		6CC7FB4215AFB72500D21AA9 /* ApplicationProfileTabSelectedPushed.png */ = {isa = PBXFileReference; lastKnownFileType = image.png; path = ApplicationProfileTabSelectedPushed.png; sourceTree = "<group>"; };
		6CC7FB4315AFB72500D21AA9 /* ApplicationProfileTabSelectedPushed@2x.png */ = {isa = PBXFileReference; lastKnownFileType = image.png; path = "ApplicationProfileTabSelectedPushed@2x.png"; sourceTree = "<group>"; };
		6CC7FB4415AFB72500D21AA9 /* ApplicationTabBarBackplate.png */ = {isa = PBXFileReference; lastKnownFileType = image.png; path = ApplicationTabBarBackplate.png; sourceTree = "<group>"; };
		6CC7FB4515AFB72500D21AA9 /* ApplicationTabBarBackplate@2x.png */ = {isa = PBXFileReference; lastKnownFileType = image.png; path = "ApplicationTabBarBackplate@2x.png"; sourceTree = "<group>"; };
		6CC7FB4A15AFB80700D21AA9 /* ApplicationProfileTabNormalPushed.png */ = {isa = PBXFileReference; lastKnownFileType = image.png; path = ApplicationProfileTabNormalPushed.png; sourceTree = "<group>"; };
		6CD2F58715B0E77A0032FA34 /* NSRegularExpression+FITUtilities.h */ = {isa = PBXFileReference; lastKnownFileType = sourcecode.c.h; path = "NSRegularExpression+FITUtilities.h"; sourceTree = "<group>"; };
		6CD2F58815B0E77A0032FA34 /* NSRegularExpression+FITUtilities.m */ = {isa = PBXFileReference; lastKnownFileType = sourcecode.c.objc; path = "NSRegularExpression+FITUtilities.m"; sourceTree = "<group>"; };
		6CDCD5B315B1ADE300986AA2 /* ActivityHomeViewController.h */ = {isa = PBXFileReference; fileEncoding = 4; lastKnownFileType = sourcecode.c.h; path = ActivityHomeViewController.h; sourceTree = "<group>"; };
		6CDCD5B415B1ADE300986AA2 /* ActivityHomeViewController.m */ = {isa = PBXFileReference; fileEncoding = 4; lastKnownFileType = sourcecode.c.objc; path = ActivityHomeViewController.m; sourceTree = "<group>"; };
		6CDCD5B515B1ADE300986AA2 /* ActivityHomeViewController.xib */ = {isa = PBXFileReference; fileEncoding = 4; lastKnownFileType = file.xib; name = ActivityHomeViewController.xib; path = Fitivity/ActivityHomeViewController.xib; sourceTree = "<group>"; };
		6CDCD5B815B1AE9700986AA2 /* UserProfileViewController.h */ = {isa = PBXFileReference; fileEncoding = 4; lastKnownFileType = sourcecode.c.h; path = UserProfileViewController.h; sourceTree = "<group>"; };
		6CDCD5B915B1AE9700986AA2 /* UserProfileViewController.m */ = {isa = PBXFileReference; fileEncoding = 4; lastKnownFileType = sourcecode.c.objc; path = UserProfileViewController.m; sourceTree = "<group>"; };
		6CDCD5BA15B1AE9700986AA2 /* UserProfileViewController.xib */ = {isa = PBXFileReference; fileEncoding = 4; lastKnownFileType = file.xib; name = UserProfileViewController.xib; path = Fitivity/UserProfileViewController.xib; sourceTree = "<group>"; };
		6CEFED7E15B3641500211CB0 /* ChooseActivityHeaderView.h */ = {isa = PBXFileReference; fileEncoding = 4; lastKnownFileType = sourcecode.c.h; path = ChooseActivityHeaderView.h; sourceTree = "<group>"; };
		6CEFED7F15B3641500211CB0 /* ChooseActivityHeaderView.m */ = {isa = PBXFileReference; fileEncoding = 4; lastKnownFileType = sourcecode.c.objc; path = ChooseActivityHeaderView.m; sourceTree = "<group>"; };
/* End PBXFileReference section */

/* Begin PBXFrameworksBuildPhase section */
		6CB1A71E15ACFC1D00C0FF75 /* Frameworks */ = {
			isa = PBXFrameworksBuildPhase;
			buildActionMask = 2147483647;
			files = (
				6C08845715B1C72B00670936 /* MapKit.framework in Frameworks */,
				6C08845515B1C67000670936 /* CoreLocation.framework in Frameworks */,
				57AAB0C215AF4B1300AD51CB /* QuartzCore.framework in Frameworks */,
				6CA2691B15AE2E1200CD205C /* Security.framework in Frameworks */,
				6CA2691915AE2DEB00CD205C /* MobileCoreServices.framework in Frameworks */,
				6CA2691715AE2D7A00CD205C /* CFNetwork.framework in Frameworks */,
				6CA2691515AE2D2B00CD205C /* AudioToolbox.framework in Frameworks */,
				6CA2690515AE2A5200CD205C /* SystemConfiguration.framework in Frameworks */,
				6CB1A72615ACFC1D00C0FF75 /* UIKit.framework in Frameworks */,
				6CB1A72815ACFC1D00C0FF75 /* Foundation.framework in Frameworks */,
				6CB1A72A15ACFC1D00C0FF75 /* CoreGraphics.framework in Frameworks */,
				6CB1A78315AD067000C0FF75 /* Parse.framework in Frameworks */,
			);
			runOnlyForDeploymentPostprocessing = 0;
		};
/* End PBXFrameworksBuildPhase section */

/* Begin PBXGroup section */
		5700D1B315B470A7003C96F3 /* Cells */ = {
			isa = PBXGroup;
			children = (
				5700D1B515B470D4003C96F3 /* DiscoverCell.h */,
				5700D1B615B470D4003C96F3 /* DiscoverCell.m */,
			);
			name = Cells;
			sourceTree = "<group>";
		};
		5700D1B815B470F7003C96F3 /* Cells */ = {
			isa = PBXGroup;
			children = (
				5700D1B915B47107003C96F3 /* DiscoverCell.xib */,
			);
			name = Cells;
			sourceTree = "<group>";
		};
		6C08841B15B1C56000670936 /* Google Places */ = {
			isa = PBXGroup;
			children = (
				6C08844915B1C5CD00670936 /* GTM */,
				6C08842315B1C59000670936 /* SBJSON */,
				6C08841C15B1C57400670936 /* Controls */,
				6C08844A15B1C62700670936 /* GooglePlacesConnection.h */,
				6C08844B15B1C62700670936 /* GooglePlacesConnection.m */,
				6C08844C15B1C62700670936 /* GooglePlacesObject.h */,
				6C08844D15B1C62700670936 /* GooglePlacesObject.m */,
			);
			name = "Google Places";
			sourceTree = "<group>";
		};
		6C08841C15B1C57400670936 /* Controls */ = {
			isa = PBXGroup;
			children = (
				6C08841D15B1C58100670936 /* PullToRefreshTableViewController.h */,
				6C08841E15B1C58100670936 /* PullToRefreshTableViewController.m */,
				6C08841F15B1C58100670936 /* EGORefreshTableHeaderView.h */,
				6C08842015B1C58100670936 /* EGORefreshTableHeaderView.m */,
			);
			name = Controls;
			sourceTree = "<group>";
		};
		6C08842315B1C59000670936 /* SBJSON */ = {
			isa = PBXGroup;
			children = (
				6C08842415B1C59E00670936 /* NSObject+SBJson.h */,
				6C08842515B1C59E00670936 /* NSObject+SBJson.m */,
				6C08842615B1C59E00670936 /* SBJson.h */,
				6C08842715B1C59E00670936 /* SBJsonParser.h */,
				6C08842815B1C59E00670936 /* SBJsonParser.m */,
				6C08842915B1C59E00670936 /* SBJsonStreamParser.h */,
				6C08842A15B1C59E00670936 /* SBJsonStreamParser.m */,
				6C08842B15B1C59E00670936 /* SBJsonStreamParserAccumulator.h */,
				6C08842C15B1C59E00670936 /* SBJsonStreamParserAccumulator.m */,
				6C08842D15B1C59E00670936 /* SBJsonStreamParserAdapter.h */,
				6C08842E15B1C59E00670936 /* SBJsonStreamParserAdapter.m */,
				6C08842F15B1C59E00670936 /* SBJsonStreamParserState.h */,
				6C08843015B1C59E00670936 /* SBJsonStreamParserState.m */,
				6C08843115B1C59E00670936 /* SBJsonStreamWriter.h */,
				6C08843215B1C59E00670936 /* SBJsonStreamWriter.m */,
				6C08843315B1C59E00670936 /* SBJsonStreamWriterAccumulator.h */,
				6C08843415B1C59E00670936 /* SBJsonStreamWriterAccumulator.m */,
				6C08843515B1C59E00670936 /* SBJsonStreamWriterState.h */,
				6C08843615B1C59E00670936 /* SBJsonStreamWriterState.m */,
				6C08843715B1C59E00670936 /* SBJsonTokeniser.h */,
				6C08843815B1C59E00670936 /* SBJsonTokeniser.m */,
				6C08843915B1C59E00670936 /* SBJsonUTF8Stream.h */,
				6C08843A15B1C59E00670936 /* SBJsonUTF8Stream.m */,
				6C08843B15B1C59E00670936 /* SBJsonWriter.h */,
				6C08843C15B1C59E00670936 /* SBJsonWriter.m */,
			);
			name = SBJSON;
			sourceTree = "<group>";
		};
		6C08844915B1C5CD00670936 /* GTM */ = {
			isa = PBXGroup;
			children = (
				6C08844E15B1C62F00670936 /* GTMDefines.h */,
				6C08844F15B1C62F00670936 /* GTMGarbageCollection.h */,
				6C08845015B1C62F00670936 /* GTMNSString+URLArguments.h */,
				6C08845115B1C62F00670936 /* GTMNSString+URLArguments.m */,
			);
			name = GTM;
			sourceTree = "<group>";
		};
		6C7722B215B1F1460040DB1D /* Cells */ = {
			isa = PBXGroup;
			children = (
				6C7722F915B20E9C0040DB1D /* PlaceholderMapImage.png */,
				6C7722FA15B20E9D0040DB1D /* PlaceholderMapImage@2x.png */,
				6C7722FD15B20EBC0040DB1D /* StaticMapBackplateImage.png */,
				6C7722FE15B20EC10040DB1D /* StaticMapBackplateImage@2x.png */,
				6C77230115B20EEF0040DB1D /* LocationCellIconImage.png */,
				6C77230215B20F100040DB1D /* LocationCellIconImage@2x.png */,
				6C7722EF15B20E270040DB1D /* CategoryCellClosedIcon.png */,
				6C7722F015B20E290040DB1D /* CategoryCellClosedIcon@2x.png */,
				6C7722F115B20E2A0040DB1D /* CategoryCellExpandedIcon.png */,
				6C7722F715B20E530040DB1D /* CategoryCellExpandedIcon@2x.png */,
				6C7722E715B20C2E0040DB1D /* DarkerBlueBackplateTexture.png */,
				6C7722D815B20C130040DB1D /* DarkerBlueBackplateTexture@2x.png */,
				6C7722E915B20C8A0040DB1D /* DarkerBlueBackplateTexturePushed.png */,
				6C7722DA15B20C140040DB1D /* DarkerBlueBackplateTexturePushed@2x.png */,
				6C7722DB15B20C150040DB1D /* DarkerBlueShadowLower.png */,
				6C7722DC15B20C160040DB1D /* DarkerBlueShadowLower@2x.png */,
				6C7722DD15B20C160040DB1D /* DarkerBlueShadowUpper.png */,
				6C7722DE15B20C170040DB1D /* DarkerBlueShadowUpper@2x.png */,
				6C7722B315B1F14D0040DB1D /* FeedCellActiveGroupActivityIconImage.png */,
				6C7722B415B1F14D0040DB1D /* FeedCellActiveGroupActivityIconImage@2x.png */,
				6C7722B515B1F14D0040DB1D /* FeedCellIconImageBackplate.png */,
				6C7722B615B1F14D0040DB1D /* FeedCellIconImageBackplate@2x.png */,
				6C7722B715B1F14D0040DB1D /* FeedCellProfilePlaceholderPicture.png */,
				6C7722B815B1F14D0040DB1D /* FeedCellProfilePlaceholderPicture@2.png */,
				6C7722B915B1F14D0040DB1D /* FeedCellProposedGroupActivityIconImage.png */,
				6C7722BA15B1F14D0040DB1D /* FeedCellProposedGroupActivityIconImage@2x.png */,
				6C7722BB15B1F14D0040DB1D /* FeedCellWhiteDisclosureIndicator.png */,
				6C7722BC15B1F14D0040DB1D /* FeedCellWhiteDisclosureIndicator@2.png */,
			);
			name = Cells;
			sourceTree = "<group>";
		};
		6C7722C715B209500040DB1D /* Cells */ = {
			isa = PBXGroup;
			children = (
				6C7722C815B2096B0040DB1D /* ChooseLocationCell.h */,
				6C7722C915B2096B0040DB1D /* ChooseLocationCell.m */,
				6CEFED7E15B3641500211CB0 /* ChooseActivityHeaderView.h */,
				6CEFED7F15B3641500211CB0 /* ChooseActivityHeaderView.m */,
			);
			name = Cells;
			sourceTree = "<group>";
		};
		6C7722CB15B209800040DB1D /* Cells */ = {
			isa = PBXGroup;
			children = (
				6C7722CC15B209900040DB1D /* ChooseLocationCell.xib */,
			);
			name = Cells;
			sourceTree = "<group>";
		};
		6C7722CE15B20BD80040DB1D /* Navigation Bar */ = {
			isa = PBXGroup;
			children = (
				6C7722CF15B20BEF0040DB1D /* FitivityBackButtonIcon.png */,
				6C7722D015B20BEF0040DB1D /* FitivityBackButtonIcon@2x.png */,
				6C7722D115B20BEF0040DB1D /* FitivityBluePillNavBarIcon.png */,
				6C7722D215B20BEF0040DB1D /* FitivityBluePillNavBarIcon@2x.png */,
				6C8665AB15AFA5D3004D932F /* NavigationBarBackplate.png */,
				6C8665AC15AFA5D3004D932F /* NavigationBarBackplate@2x.png */,
				6CC7FB0F15AFB62C00D21AA9 /* BackButtonIcon.png */,
				6CC7FB1015AFB62C00D21AA9 /* BackButtonIcon@2x.png */,
				6CC7FB1115AFB62C00D21AA9 /* BluePillNavBarIcon.png */,
				6CC7FB1215AFB62C00D21AA9 /* BluePillNavBarIcon@2x.png */,
			);
			name = "Navigation Bar";
			sourceTree = "<group>";
		};
		6C86659E15AFA571004D932F /* Login */ = {
			isa = PBXGroup;
			children = (
				6C86659F15AFA57C004D932F /* LoginWithFacebookButtonImage.png */,
				6C8665A015AFA57C004D932F /* LoginWithFacebookButtonImage@2x.png */,
				6C8665A315AFA5D3004D932F /* LoginButton.png */,
				6C8665A415AFA5D3004D932F /* LoginButton@2.png */,
				6C8665A515AFA5D3004D932F /* LoginButtonPushed.png */,
				6C8665A615AFA5D3004D932F /* LoginButtonPushed@2x.png */,
				6C8665A715AFA5D3004D932F /* RegisterButton.png */,
				6C8665A815AFA5D3004D932F /* RegisterButton@2x.png */,
				6C8665A915AFA5D3004D932F /* RegisterButtonPushed.png */,
				6C8665AA15AFA5D3004D932F /* RegisterButtonPushed@2x.png */,
			);
			name = Login;
			sourceTree = "<group>";
		};
		6CA2695A15AE63E900CD205C /* Config */ = {
			isa = PBXGroup;
			children = (
				6CB1A74C15ACFC6800C0FF75 /* FConfig.h */,
				6CB1A74D15ACFC6800C0FF75 /* FConfig.m */,
			);
			name = Config;
			path = ..;
			sourceTree = "<group>";
		};
		6CA2695B15AE640400CD205C /* Opening */ = {
			isa = PBXGroup;
			children = (
				6CB1A75715ACFFBC00C0FF75 /* OpeningLogoViewController.h */,
				6CB1A75815ACFFBC00C0FF75 /* OpeningLogoViewController.m */,
				6C86658415AFA1A6004D932F /* LoginViewController.h */,
				6C86658515AFA1A6004D932F /* LoginViewController.m */,
				6C86658915AFA1BB004D932F /* SignUpViewController.h */,
				6C86658A15AFA1BB004D932F /* SignUpViewController.m */,
			);
			name = Opening;
			sourceTree = "<group>";
		};
		6CB1A71615ACFC1D00C0FF75 = {
			isa = PBXGroup;
			children = (
				6C08841B15B1C56000670936 /* Google Places */,
				6CB1A72B15ACFC1D00C0FF75 /* Fitivity */,
				6CB1A74A15ACFC4100C0FF75 /* Images */,
				6CB1A74B15ACFC4900C0FF75 /* Interface Files */,
				6CB1A72C15ACFC1D00C0FF75 /* Supporting Files */,
				6CB1A72415ACFC1D00C0FF75 /* Frameworks */,
				6CB1A72215ACFC1D00C0FF75 /* Products */,
			);
			sourceTree = "<group>";
		};
		6CB1A72215ACFC1D00C0FF75 /* Products */ = {
			isa = PBXGroup;
			children = (
				6CB1A72115ACFC1D00C0FF75 /* Fitivity.app */,
			);
			name = Products;
			sourceTree = "<group>";
		};
		6CB1A72415ACFC1D00C0FF75 /* Frameworks */ = {
			isa = PBXGroup;
			children = (
				6C08845615B1C72B00670936 /* MapKit.framework */,
				6C08845415B1C67000670936 /* CoreLocation.framework */,
				57AAB0C115AF4B1300AD51CB /* QuartzCore.framework */,
				6CA2691A15AE2E1200CD205C /* Security.framework */,
				6CA2691815AE2DEB00CD205C /* MobileCoreServices.framework */,
				6CA2691615AE2D7A00CD205C /* CFNetwork.framework */,
				6CA2691415AE2D2B00CD205C /* AudioToolbox.framework */,
				6CA2690415AE2A5200CD205C /* SystemConfiguration.framework */,
				6CB1A78215AD067000C0FF75 /* Parse.framework */,
				6CB1A72515ACFC1D00C0FF75 /* UIKit.framework */,
				6CB1A72715ACFC1D00C0FF75 /* Foundation.framework */,
				6CB1A72915ACFC1D00C0FF75 /* CoreGraphics.framework */,
			);
			name = Frameworks;
			sourceTree = "<group>";
		};
		6CB1A72B15ACFC1D00C0FF75 /* Fitivity */ = {
			isa = PBXGroup;
			children = (
				6CB1A73415ACFC1D00C0FF75 /* AppDelegate.h */,
				6CB1A73515ACFC1D00C0FF75 /* AppDelegate.m */,
				6CA2695A15AE63E900CD205C /* Config */,
				6CD2F58A15B0E77D0032FA34 /* Categories */,
				6CB1B21515B1A0DC004DDDCA /* TabBar & NavigationBar */,
				6CA2695B15AE640400CD205C /* Opening */,
				6CDCD5AC15B1AD9300986AA2 /* Discover Stream */,
				6CDCD5AE15B1AD9E00986AA2 /* Activity */,
				6CDCD5AF15B1ADA500986AA2 /* Profile */,
			);
			path = Fitivity;
			sourceTree = "<group>";
		};
		6CB1A72C15ACFC1D00C0FF75 /* Supporting Files */ = {
			isa = PBXGroup;
			children = (
				6CB1A74F15ACFD3600C0FF75 /* Reachability */,
				6CB1A72D15ACFC1D00C0FF75 /* Fitivity-Info.plist */,
				6CB1A72E15ACFC1D00C0FF75 /* InfoPlist.strings */,
				6CB1A73115ACFC1D00C0FF75 /* main.m */,
				6CB1A73315ACFC1D00C0FF75 /* Fitivity-Prefix.pch */,
			);
			name = "Supporting Files";
			path = Fitivity;
			sourceTree = "<group>";
		};
		6CB1A74A15ACFC4100C0FF75 /* Images */ = {
			isa = PBXGroup;
			children = (
				6C7722B215B1F1460040DB1D /* Cells */,
				6C7722CE15B20BD80040DB1D /* Navigation Bar */,
				6CC7FB2915AFB71D00D21AA9 /* Tab Bar */,
				6CC7FB1815AFB67600D21AA9 /* Buttons */,
				6C86659E15AFA571004D932F /* Login */,
				6CB1A75C15AD004000C0FF75 /* Logos */,
				6CB1A75215ACFF7000C0FF75 /* Backgrounds */,
			);
			name = Images;
			sourceTree = "<group>";
		};
		6CB1A74B15ACFC4900C0FF75 /* Interface Files */ = {
			isa = PBXGroup;
			children = (
				6CB1B21815B1A10D004DDDCA /* FTabBarViewController.xib */,
				6CB1B21415B1A0C7004DDDCA /* Opening */,
				6CDCD5B215B1ADC200986AA2 /* Discover Stream */,
				6CDCD5B115B1ADBC00986AA2 /* Activity */,
				6CDCD5B015B1ADB500986AA2 /* Profile */,
			);
			name = "Interface Files";
			sourceTree = "<group>";
		};
		6CB1A74F15ACFD3600C0FF75 /* Reachability */ = {
			isa = PBXGroup;
			children = (
				6CB1A75015ACFD4300C0FF75 /* Reachability.h */,
				6CB1A75115ACFD4300C0FF75 /* Reachability.m */,
			);
			name = Reachability;
			sourceTree = "<group>";
		};
		6CB1A75215ACFF7000C0FF75 /* Backgrounds */ = {
			isa = PBXGroup;
			children = (
				6CB1A75315ACFF7800C0FF75 /* background.png */,
				6CB1A75415ACFF7800C0FF75 /* background@2x.png */,
			);
			name = Backgrounds;
			sourceTree = "<group>";
		};
		6CB1A75C15AD004000C0FF75 /* Logos */ = {
			isa = PBXGroup;
			children = (
				57AAB0BF15AF441E00AD51CB /* FitivityLogo.png */,
			);
			name = Logos;
			sourceTree = "<group>";
		};
		6CB1B21415B1A0C7004DDDCA /* Opening */ = {
			isa = PBXGroup;
			children = (
				6CB1A75915ACFFBC00C0FF75 /* OpeningLogoViewController.xib */,
				6C8665BC15AFA820004D932F /* LoginViewController.xib */,
				6C86658B15AFA1BB004D932F /* SignUpViewController.xib */,
			);
			name = Opening;
			sourceTree = "<group>";
		};
		6CB1B21515B1A0DC004DDDCA /* TabBar & NavigationBar */ = {
			isa = PBXGroup;
			children = (
				6CB1B21615B1A10D004DDDCA /* FTabBarViewController.h */,
				6CB1B21715B1A10D004DDDCA /* FTabBarViewController.m */,
			);
			name = "TabBar & NavigationBar";
			sourceTree = "<group>";
		};
		6CC7FB1815AFB67600D21AA9 /* Buttons */ = {
			isa = PBXGroup;
			children = (
				6CC7FB1915AFB67D00D21AA9 /* ChooseActivityChooseActivity.png */,
				6CC7FB1A15AFB67D00D21AA9 /* ChooseActivityChooseActivity@2x.png */,
				6CC7FB1B15AFB67D00D21AA9 /* ChooseActivityChooseActivityPushed.png */,
				6CC7FB1C15AFB67D00D21AA9 /* ChooseActivityChooseActivityPushed@2x.png */,
				6CC7FB1D15AFB67D00D21AA9 /* ChooseActivityChooseLocation.png */,
				6CC7FB1E15AFB67D00D21AA9 /* ChooseActivityChooseLocation@2x.png */,
				6CC7FB1F15AFB67D00D21AA9 /* ChooseActivityChooseLocationPushed.png */,
				6CC7FB2015AFB67D00D21AA9 /* ChooseActivityChooseLocationPushed@2x.png */,
			);
			name = Buttons;
			sourceTree = "<group>";
		};
		6CC7FB2915AFB71D00D21AA9 /* Tab Bar */ = {
			isa = PBXGroup;
			children = (
				6CC7FB2A15AFB72500D21AA9 /* ApplicationActivityTabNormal.png */,
				6CC7FB2B15AFB72500D21AA9 /* ApplicationActivityTabNormal@2x.png */,
				6CC7FB2D15AFB72500D21AA9 /* ApplicationActivityTabNormalPushed.png */,
				6CC7FB2E15AFB72500D21AA9 /* ApplicationActivityTabNormalPushed@2x.png */,
				6CC7FB2F15AFB72500D21AA9 /* ApplicationActivityTabSelected.png */,
				6CC7FB3115AFB72500D21AA9 /* ApplicationActivityTabSelected@2x.png */,
				6CC7FB3215AFB72500D21AA9 /* ApplicationActivityTabSelectedPushed.png */,
				6CC7FB3315AFB72500D21AA9 /* ApplicationActivityTabSelectedPushed@2x.png */,
				6CC7FB3415AFB72500D21AA9 /* ApplicationFeedTabNormal.png */,
				6CC7FB3515AFB72500D21AA9 /* ApplicationFeedTabNormal@2x.png */,
				6CC7FB3615AFB72500D21AA9 /* ApplicationFeedTabNormalPushed.png */,
				6CC7FB3715AFB72500D21AA9 /* ApplicationFeedTabNormalPushed@2x.png */,
				6CC7FB3815AFB72500D21AA9 /* ApplicationFeedTabSelected.png */,
				6CC7FB3915AFB72500D21AA9 /* ApplicationFeedTabSelected@2x.png */,
				6CC7FB3A15AFB72500D21AA9 /* ApplicationFeedTabSelectedPushed.png */,
				6CC7FB3B15AFB72500D21AA9 /* ApplicationFeedTabSelectedPushed@2x.png */,
				6CC7FB3C15AFB72500D21AA9 /* ApplicationProfileTabNormal.png */,
				6CC7FB3D15AFB72500D21AA9 /* ApplicationProfileTabNormal@2x.png */,
				6CC7FB4A15AFB80700D21AA9 /* ApplicationProfileTabNormalPushed.png */,
				6CC7FB3F15AFB72500D21AA9 /* ApplicationProfileTabNormalPushed@2x.png */,
				6CC7FB4015AFB72500D21AA9 /* ApplicationProfileTabSelected.png */,
				6CC7FB4115AFB72500D21AA9 /* ApplicationProfileTabSelected@2x.png */,
				6CC7FB4215AFB72500D21AA9 /* ApplicationProfileTabSelectedPushed.png */,
				6CC7FB4315AFB72500D21AA9 /* ApplicationProfileTabSelectedPushed@2x.png */,
				6CC7FB4415AFB72500D21AA9 /* ApplicationTabBarBackplate.png */,
				6CC7FB4515AFB72500D21AA9 /* ApplicationTabBarBackplate@2x.png */,
			);
			name = "Tab Bar";
			sourceTree = "<group>";
		};
		6CD2F58A15B0E77D0032FA34 /* Categories */ = {
			isa = PBXGroup;
			children = (
				6C8665D915AFB12B004D932F /* NSError+FITParseUtilities.h */,
				6C8665DA15AFB12B004D932F /* NSError+FITParseUtilities.m */,
				6CD2F58715B0E77A0032FA34 /* NSRegularExpression+FITUtilities.h */,
				6CD2F58815B0E77A0032FA34 /* NSRegularExpression+FITUtilities.m */,
			);
			name = Categories;
			path = ..;
			sourceTree = "<group>";
		};
		6CDCD5AC15B1AD9300986AA2 /* Discover Stream */ = {
			isa = PBXGroup;
			children = (
				5700D1B315B470A7003C96F3 /* Cells */,
				6CA2691C15AE2FB900CD205C /* StreamViewController.h */,
				6CA2691D15AE2FB900CD205C /* StreamViewController.m */,
			);
			name = "Discover Stream";
			sourceTree = "<group>";
		};
		6CDCD5AE15B1AD9E00986AA2 /* Activity */ = {
			isa = PBXGroup;
			children = (
				6C7722C715B209500040DB1D /* Cells */,
				6CDCD5B315B1ADE300986AA2 /* ActivityHomeViewController.h */,
				6CDCD5B415B1ADE300986AA2 /* ActivityHomeViewController.m */,
				6C08845815B1C90A00670936 /* ChooseLocationViewController.h */,
				6C08845915B1C90A00670936 /* ChooseLocationViewController.m */,
				6C7722AC15B1EB670040DB1D /* ChooseActivityViewController.h */,
				6C7722AD15B1EB670040DB1D /* ChooseActivityViewController.m */,
				6CA138CC15B21C8600C1E1EC /* LocationMapViewController.h */,
				6CA138CD15B21C8600C1E1EC /* LocationMapViewController.m */,
				6CA138D515B21E8B00C1E1EC /* MapPin.h */,
				6CA138D615B21E8B00C1E1EC /* MapPin.m */,
			);
			name = Activity;
			sourceTree = "<group>";
		};
		6CDCD5AF15B1ADA500986AA2 /* Profile */ = {
			isa = PBXGroup;
			children = (
				6CDCD5B815B1AE9700986AA2 /* UserProfileViewController.h */,
				6CDCD5B915B1AE9700986AA2 /* UserProfileViewController.m */,
			);
			name = Profile;
			sourceTree = "<group>";
		};
		6CDCD5B015B1ADB500986AA2 /* Profile */ = {
			isa = PBXGroup;
			children = (
				6CDCD5BA15B1AE9700986AA2 /* UserProfileViewController.xib */,
			);
			name = Profile;
			sourceTree = "<group>";
		};
		6CDCD5B115B1ADBC00986AA2 /* Activity */ = {
			isa = PBXGroup;
			children = (
				6C7722CB15B209800040DB1D /* Cells */,
				6CDCD5B515B1ADE300986AA2 /* ActivityHomeViewController.xib */,
				6C08845C15B1D3D300670936 /* ChooseLocationViewController.xib */,
				6C7722AE15B1EB670040DB1D /* ChooseActivityViewController.xib */,
				6CA138CE15B21C8600C1E1EC /* LocationMapViewController.xib */,
			);
			name = Activity;
			sourceTree = "<group>";
		};
		6CDCD5B215B1ADC200986AA2 /* Discover Stream */ = {
			isa = PBXGroup;
			children = (
				5700D1B815B470F7003C96F3 /* Cells */,
				6CA2691E15AE2FB900CD205C /* StreamViewController.xib */,
			);
			name = "Discover Stream";
			sourceTree = "<group>";
		};
/* End PBXGroup section */

/* Begin PBXNativeTarget section */
		6CB1A72015ACFC1D00C0FF75 /* Fitivity */ = {
			isa = PBXNativeTarget;
			buildConfigurationList = 6CB1A73915ACFC1D00C0FF75 /* Build configuration list for PBXNativeTarget "Fitivity" */;
			buildPhases = (
				6CB1A71D15ACFC1D00C0FF75 /* Sources */,
				6CB1A71E15ACFC1D00C0FF75 /* Frameworks */,
				6CB1A71F15ACFC1D00C0FF75 /* Resources */,
			);
			buildRules = (
			);
			dependencies = (
			);
			name = Fitivity;
			productName = Fitivity;
			productReference = 6CB1A72115ACFC1D00C0FF75 /* Fitivity.app */;
			productType = "com.apple.product-type.application";
		};
/* End PBXNativeTarget section */

/* Begin PBXProject section */
		6CB1A71815ACFC1D00C0FF75 /* Project object */ = {
			isa = PBXProject;
			attributes = {
				LastUpgradeCheck = 0430;
				ORGANIZATIONNAME = "Nathaniel Doe";
			};
			buildConfigurationList = 6CB1A71B15ACFC1D00C0FF75 /* Build configuration list for PBXProject "Fitivity" */;
			compatibilityVersion = "Xcode 3.2";
			developmentRegion = English;
			hasScannedForEncodings = 0;
			knownRegions = (
				en,
			);
			mainGroup = 6CB1A71615ACFC1D00C0FF75;
			productRefGroup = 6CB1A72215ACFC1D00C0FF75 /* Products */;
			projectDirPath = "";
			projectRoot = "";
			targets = (
				6CB1A72015ACFC1D00C0FF75 /* Fitivity */,
			);
		};
/* End PBXProject section */

/* Begin PBXResourcesBuildPhase section */
		6CB1A71F15ACFC1D00C0FF75 /* Resources */ = {
			isa = PBXResourcesBuildPhase;
			buildActionMask = 2147483647;
			files = (
				6CDCD5BE15B1B05400986AA2 /* ApplicationActivityTabNormal.png in Resources */,
				6CDCD5BF15B1B05400986AA2 /* ApplicationActivityTabNormal@2x.png in Resources */,
				6CDCD5C015B1B05400986AA2 /* ApplicationActivityTabNormalPushed.png in Resources */,
				6CDCD5C115B1B05400986AA2 /* ApplicationActivityTabNormalPushed@2x.png in Resources */,
				6CDCD5C215B1B05400986AA2 /* ApplicationActivityTabSelected.png in Resources */,
				6CDCD5C315B1B05400986AA2 /* ApplicationActivityTabSelected@2x.png in Resources */,
				6CDCD5C415B1B05400986AA2 /* ApplicationActivityTabSelectedPushed.png in Resources */,
				6CDCD5C515B1B05400986AA2 /* ApplicationActivityTabSelectedPushed@2x.png in Resources */,
				6CDCD5C615B1B05400986AA2 /* ApplicationFeedTabNormal.png in Resources */,
				6CDCD5C715B1B05400986AA2 /* ApplicationFeedTabNormal@2x.png in Resources */,
				6CDCD5C815B1B05400986AA2 /* ApplicationFeedTabNormalPushed.png in Resources */,
				6CDCD5C915B1B05400986AA2 /* ApplicationFeedTabNormalPushed@2x.png in Resources */,
				6CDCD5CA15B1B05400986AA2 /* ApplicationFeedTabSelected.png in Resources */,
				6CDCD5CB15B1B05400986AA2 /* ApplicationFeedTabSelected@2x.png in Resources */,
				6CDCD5CC15B1B05400986AA2 /* ApplicationFeedTabSelectedPushed.png in Resources */,
				6CDCD5CD15B1B05400986AA2 /* ApplicationFeedTabSelectedPushed@2x.png in Resources */,
				6CDCD5CE15B1B05400986AA2 /* ApplicationProfileTabNormal.png in Resources */,
				6CDCD5CF15B1B05400986AA2 /* ApplicationProfileTabNormal@2x.png in Resources */,
				6CDCD5D015B1B05400986AA2 /* ApplicationProfileTabNormalPushed@2x.png in Resources */,
				6CDCD5D115B1B05400986AA2 /* ApplicationProfileTabSelected.png in Resources */,
				6CDCD5D215B1B05400986AA2 /* ApplicationProfileTabSelected@2x.png in Resources */,
				6CDCD5D315B1B05400986AA2 /* ApplicationProfileTabSelectedPushed.png in Resources */,
				6CDCD5D415B1B05400986AA2 /* ApplicationProfileTabSelectedPushed@2x.png in Resources */,
				6CDCD5D515B1B05400986AA2 /* ApplicationTabBarBackplate.png in Resources */,
				6CDCD5D615B1B05400986AA2 /* ApplicationTabBarBackplate@2x.png in Resources */,
				6CB1A73015ACFC1D00C0FF75 /* InfoPlist.strings in Resources */,
				6CB1A75515ACFF7800C0FF75 /* background.png in Resources */,
				6CB1A75615ACFF7800C0FF75 /* background@2x.png in Resources */,
				6CB1A75B15ACFFBC00C0FF75 /* OpeningLogoViewController.xib in Resources */,
				6CA2692015AE2FBA00CD205C /* StreamViewController.xib in Resources */,
				6CDCD5BD15B1B00200986AA2 /* FTabBarViewController.xib in Resources */,
				57AAB0C015AF441E00AD51CB /* FitivityLogo.png in Resources */,
				6C86658D15AFA1BB004D932F /* SignUpViewController.xib in Resources */,
				6C8665A115AFA57C004D932F /* LoginWithFacebookButtonImage.png in Resources */,
				6C8665A215AFA57C004D932F /* LoginWithFacebookButtonImage@2x.png in Resources */,
				6C8665AD15AFA5D3004D932F /* LoginButton.png in Resources */,
				6C8665AE15AFA5D3004D932F /* LoginButton@2.png in Resources */,
				6C8665AF15AFA5D3004D932F /* LoginButtonPushed.png in Resources */,
				6C8665B015AFA5D3004D932F /* LoginButtonPushed@2x.png in Resources */,
				6C8665B115AFA5D3004D932F /* RegisterButton.png in Resources */,
				6C8665B215AFA5D3004D932F /* RegisterButton@2x.png in Resources */,
				6C8665B315AFA5D3004D932F /* RegisterButtonPushed.png in Resources */,
				6C8665B415AFA5D3004D932F /* RegisterButtonPushed@2x.png in Resources */,
				6C8665B515AFA5D3004D932F /* NavigationBarBackplate.png in Resources */,
				6C8665B615AFA5D3004D932F /* NavigationBarBackplate@2x.png in Resources */,
				6C8665BD15AFA820004D932F /* LoginViewController.xib in Resources */,
				6CC7FB1315AFB62C00D21AA9 /* BackButtonIcon.png in Resources */,
				6CC7FB1415AFB62C00D21AA9 /* BackButtonIcon@2x.png in Resources */,
				6CC7FB1515AFB62C00D21AA9 /* BluePillNavBarIcon.png in Resources */,
				6CC7FB1615AFB62C00D21AA9 /* BluePillNavBarIcon@2x.png in Resources */,
				6CC7FB2115AFB67D00D21AA9 /* ChooseActivityChooseActivity.png in Resources */,
				6CC7FB2215AFB67D00D21AA9 /* ChooseActivityChooseActivity@2x.png in Resources */,
				6CC7FB2315AFB67D00D21AA9 /* ChooseActivityChooseActivityPushed.png in Resources */,
				6CC7FB2415AFB67D00D21AA9 /* ChooseActivityChooseActivityPushed@2x.png in Resources */,
				6CC7FB2515AFB67D00D21AA9 /* ChooseActivityChooseLocation.png in Resources */,
				6CC7FB2615AFB67E00D21AA9 /* ChooseActivityChooseLocation@2x.png in Resources */,
				6CC7FB2715AFB67E00D21AA9 /* ChooseActivityChooseLocationPushed.png in Resources */,
				6CC7FB2815AFB67E00D21AA9 /* ChooseActivityChooseLocationPushed@2x.png in Resources */,
				6CC7FB4B15AFB80900D21AA9 /* ApplicationProfileTabNormalPushed.png in Resources */,
				6CDCD5B715B1ADE300986AA2 /* ActivityHomeViewController.xib in Resources */,
				6CDCD5BC15B1AE9700986AA2 /* UserProfileViewController.xib in Resources */,
				6C08845D15B1D3D300670936 /* ChooseLocationViewController.xib in Resources */,
				6C7722B015B1EB670040DB1D /* ChooseActivityViewController.xib in Resources */,
				6C7722BD15B1F14D0040DB1D /* FeedCellActiveGroupActivityIconImage.png in Resources */,
				6C7722BE15B1F14D0040DB1D /* FeedCellActiveGroupActivityIconImage@2x.png in Resources */,
				6C7722BF15B1F14D0040DB1D /* FeedCellIconImageBackplate.png in Resources */,
				6C7722C015B1F14D0040DB1D /* FeedCellIconImageBackplate@2x.png in Resources */,
				6C7722C115B1F14D0040DB1D /* FeedCellProfilePlaceholderPicture.png in Resources */,
				6C7722C215B1F14D0040DB1D /* FeedCellProfilePlaceholderPicture@2.png in Resources */,
				6C7722C315B1F14D0040DB1D /* FeedCellProposedGroupActivityIconImage.png in Resources */,
				6C7722C415B1F14D0040DB1D /* FeedCellProposedGroupActivityIconImage@2x.png in Resources */,
				6C7722C515B1F14D0040DB1D /* FeedCellWhiteDisclosureIndicator.png in Resources */,
				6C7722C615B1F14D0040DB1D /* FeedCellWhiteDisclosureIndicator@2.png in Resources */,
				6C7722CD15B209900040DB1D /* ChooseLocationCell.xib in Resources */,
				6C7722D315B20BEF0040DB1D /* FitivityBackButtonIcon.png in Resources */,
				6C7722D415B20BEF0040DB1D /* FitivityBackButtonIcon@2x.png in Resources */,
				6C7722D515B20BEF0040DB1D /* FitivityBluePillNavBarIcon.png in Resources */,
				6C7722D615B20BEF0040DB1D /* FitivityBluePillNavBarIcon@2x.png in Resources */,
				6C7722E015B20C180040DB1D /* DarkerBlueBackplateTexture@2x.png in Resources */,
				6C7722E215B20C180040DB1D /* DarkerBlueBackplateTexturePushed@2x.png in Resources */,
				6C7722E315B20C180040DB1D /* DarkerBlueShadowLower.png in Resources */,
				6C7722E415B20C180040DB1D /* DarkerBlueShadowLower@2x.png in Resources */,
				6C7722E515B20C180040DB1D /* DarkerBlueShadowUpper.png in Resources */,
				6C7722E615B20C180040DB1D /* DarkerBlueShadowUpper@2x.png in Resources */,
				6C7722E815B20C2F0040DB1D /* DarkerBlueBackplateTexture.png in Resources */,
				6C7722EA15B20C8C0040DB1D /* DarkerBlueBackplateTexturePushed.png in Resources */,
				6C7722F315B20E2E0040DB1D /* CategoryCellClosedIcon.png in Resources */,
				6C7722F415B20E2E0040DB1D /* CategoryCellClosedIcon@2x.png in Resources */,
				6C7722F515B20E2E0040DB1D /* CategoryCellExpandedIcon.png in Resources */,
				6C7722F815B20E5A0040DB1D /* CategoryCellExpandedIcon@2x.png in Resources */,
				6C7722FB15B20E9F0040DB1D /* PlaceholderMapImage.png in Resources */,
				6C7722FC15B20E9F0040DB1D /* PlaceholderMapImage@2x.png in Resources */,
				6C7722FF15B20ED00040DB1D /* StaticMapBackplateImage.png in Resources */,
				6C77230015B20ED00040DB1D /* StaticMapBackplateImage@2x.png in Resources */,
				6C77230315B20F340040DB1D /* LocationCellIconImage.png in Resources */,
				6C77230415B20F340040DB1D /* LocationCellIconImage@2x.png in Resources */,
				6CA138D015B21C8600C1E1EC /* LocationMapViewController.xib in Resources */,
				5700D1BA15B47107003C96F3 /* DiscoverCell.xib in Resources */,
			);
			runOnlyForDeploymentPostprocessing = 0;
		};
/* End PBXResourcesBuildPhase section */

/* Begin PBXSourcesBuildPhase section */
		6CB1A71D15ACFC1D00C0FF75 /* Sources */ = {
			isa = PBXSourcesBuildPhase;
			buildActionMask = 2147483647;
			files = (
				6C08843D15B1C5A100670936 /* NSObject+SBJson.m in Sources */,
				6C08843E15B1C5A500670936 /* SBJsonParser.m in Sources */,
				6C08843F15B1C5A700670936 /* SBJsonStreamParser.m in Sources */,
				6C08844015B1C5AD00670936 /* SBJsonStreamParserAccumulator.m in Sources */,
				6C08844115B1C5AF00670936 /* SBJsonStreamParserAdapter.m in Sources */,
				6C08844215B1C5B300670936 /* SBJsonStreamParserState.m in Sources */,
				6C08844315B1C5B700670936 /* SBJsonStreamWriter.m in Sources */,
				6C08844415B1C5BA00670936 /* SBJsonStreamWriterAccumulator.m in Sources */,
				6C08844515B1C5BD00670936 /* SBJsonStreamWriterState.m in Sources */,
				6C08844615B1C5C200670936 /* SBJsonTokeniser.m in Sources */,
				6C08844715B1C5C500670936 /* SBJsonUTF8Stream.m in Sources */,
				6C08844815B1C5C600670936 /* SBJsonWriter.m in Sources */,
				6C08845215B1C63400670936 /* GooglePlacesConnection.m in Sources */,
				6C08845315B1C63600670936 /* GooglePlacesObject.m in Sources */,
				6C08845B15B1CF0900670936 /* GTMNSString+URLArguments.m in Sources */,
				6CB1A73215ACFC1D00C0FF75 /* main.m in Sources */,
				6CB1A73615ACFC1D00C0FF75 /* AppDelegate.m in Sources */,
				6CB1A74E15ACFC6800C0FF75 /* FConfig.m in Sources */,
				6CB1A75A15ACFFBC00C0FF75 /* OpeningLogoViewController.m in Sources */,
				6CA2690015AE2A1400CD205C /* Reachability.m in Sources */,
				6CA2691F15AE2FBA00CD205C /* StreamViewController.m in Sources */,
				6C86658715AFA1A6004D932F /* LoginViewController.m in Sources */,
				6C86658C15AFA1BB004D932F /* SignUpViewController.m in Sources */,
				6C61768A15B0F24600E74B95 /* NSError+FITParseUtilities.m in Sources */,
				6C61768C15B0F24800E74B95 /* NSRegularExpression+FITUtilities.m in Sources */,
				6CB1B21915B1A17B004DDDCA /* FTabBarViewController.m in Sources */,
				6CDCD5B615B1ADE300986AA2 /* ActivityHomeViewController.m in Sources */,
				6CDCD5BB15B1AE9700986AA2 /* UserProfileViewController.m in Sources */,
				6C08842115B1C58500670936 /* PullToRefreshTableViewController.m in Sources */,
				6C08842215B1C58700670936 /* EGORefreshTableHeaderView.m in Sources */,
				6C08845A15B1C90A00670936 /* ChooseLocationViewController.m in Sources */,
				6C7722AF15B1EB670040DB1D /* ChooseActivityViewController.m in Sources */,
				6C7722CA15B2096B0040DB1D /* ChooseLocationCell.m in Sources */,
				6CA138CF15B21C8600C1E1EC /* LocationMapViewController.m in Sources */,
				6CA138D715B21E8F00C1E1EC /* MapPin.m in Sources */,
				6CEFED8015B3641500211CB0 /* ChooseActivityHeaderView.m in Sources */,
				5700D1B715B470D4003C96F3 /* DiscoverCell.m in Sources */,
			);
			runOnlyForDeploymentPostprocessing = 0;
		};
/* End PBXSourcesBuildPhase section */

/* Begin PBXVariantGroup section */
		6CB1A72E15ACFC1D00C0FF75 /* InfoPlist.strings */ = {
			isa = PBXVariantGroup;
			children = (
				6CB1A72F15ACFC1D00C0FF75 /* en */,
			);
			name = InfoPlist.strings;
			sourceTree = "<group>";
		};
/* End PBXVariantGroup section */

/* Begin XCBuildConfiguration section */
		6CB1A73715ACFC1D00C0FF75 /* Debug */ = {
			isa = XCBuildConfiguration;
			buildSettings = {
				ALWAYS_SEARCH_USER_PATHS = NO;
				ARCHS = "$(ARCHS_STANDARD_32_BIT)";
				CLANG_ENABLE_OBJC_ARC = YES;
				"CODE_SIGN_IDENTITY[sdk=iphoneos*]" = "iPhone Developer";
				COPY_PHASE_STRIP = NO;
				GCC_C_LANGUAGE_STANDARD = gnu99;
				GCC_DYNAMIC_NO_PIC = NO;
				GCC_OPTIMIZATION_LEVEL = 0;
				GCC_PREPROCESSOR_DEFINITIONS = (
					"DEBUG=1",
					"$(inherited)",
				);
				GCC_SYMBOLS_PRIVATE_EXTERN = NO;
				GCC_VERSION = com.apple.compilers.llvm.clang.1_0;
				GCC_WARN_ABOUT_RETURN_TYPE = YES;
				GCC_WARN_UNINITIALIZED_AUTOS = YES;
				GCC_WARN_UNUSED_VARIABLE = YES;
				IPHONEOS_DEPLOYMENT_TARGET = 5.1;
				SDKROOT = iphoneos;
			};
			name = Debug;
		};
		6CB1A73815ACFC1D00C0FF75 /* Release */ = {
			isa = XCBuildConfiguration;
			buildSettings = {
				ALWAYS_SEARCH_USER_PATHS = NO;
				ARCHS = "$(ARCHS_STANDARD_32_BIT)";
				CLANG_ENABLE_OBJC_ARC = YES;
				"CODE_SIGN_IDENTITY[sdk=iphoneos*]" = "iPhone Developer";
				COPY_PHASE_STRIP = YES;
				GCC_C_LANGUAGE_STANDARD = gnu99;
				GCC_VERSION = com.apple.compilers.llvm.clang.1_0;
				GCC_WARN_ABOUT_RETURN_TYPE = YES;
				GCC_WARN_UNINITIALIZED_AUTOS = YES;
				GCC_WARN_UNUSED_VARIABLE = YES;
				IPHONEOS_DEPLOYMENT_TARGET = 5.1;
				OTHER_CFLAGS = "-DNS_BLOCK_ASSERTIONS=1";
				SDKROOT = iphoneos;
				VALIDATE_PRODUCT = YES;
			};
			name = Release;
		};
		6CB1A73A15ACFC1D00C0FF75 /* Debug */ = {
			isa = XCBuildConfiguration;
			buildSettings = {
				FRAMEWORK_SEARCH_PATHS = (
					"$(inherited)",
					"\"$(SRCROOT)\"",
				);
				GCC_PRECOMPILE_PREFIX_HEADER = YES;
				GCC_PREFIX_HEADER = "Fitivity/Fitivity-Prefix.pch";
				INFOPLIST_FILE = "Fitivity/Fitivity-Info.plist";
				ONLY_ACTIVE_ARCH = NO;
				PRODUCT_NAME = "$(TARGET_NAME)";
				WRAPPER_EXTENSION = app;
			};
			name = Debug;
		};
		6CB1A73B15ACFC1D00C0FF75 /* Release */ = {
			isa = XCBuildConfiguration;
			buildSettings = {
				FRAMEWORK_SEARCH_PATHS = (
					"$(inherited)",
					"\"$(SRCROOT)\"",
				);
				GCC_PRECOMPILE_PREFIX_HEADER = YES;
				GCC_PREFIX_HEADER = "Fitivity/Fitivity-Prefix.pch";
				INFOPLIST_FILE = "Fitivity/Fitivity-Info.plist";
				ONLY_ACTIVE_ARCH = NO;
				PRODUCT_NAME = "$(TARGET_NAME)";
				WRAPPER_EXTENSION = app;
			};
			name = Release;
		};
/* End XCBuildConfiguration section */

/* Begin XCConfigurationList section */
		6CB1A71B15ACFC1D00C0FF75 /* Build configuration list for PBXProject "Fitivity" */ = {
			isa = XCConfigurationList;
			buildConfigurations = (
				6CB1A73715ACFC1D00C0FF75 /* Debug */,
				6CB1A73815ACFC1D00C0FF75 /* Release */,
			);
			defaultConfigurationIsVisible = 0;
			defaultConfigurationName = Release;
		};
		6CB1A73915ACFC1D00C0FF75 /* Build configuration list for PBXNativeTarget "Fitivity" */ = {
			isa = XCConfigurationList;
			buildConfigurations = (
				6CB1A73A15ACFC1D00C0FF75 /* Debug */,
				6CB1A73B15ACFC1D00C0FF75 /* Release */,
			);
			defaultConfigurationIsVisible = 0;
			defaultConfigurationName = Release;
		};
/* End XCConfigurationList section */
	};
	rootObject = 6CB1A71815ACFC1D00C0FF75 /* Project object */;
}
